{
  "version": 4,
  "terraform_version": "1.10.5",
  "serial": 10,
  "lineage": "aeedaa59-bff9-953b-5723-0ce33afb5b77",
  "outputs": {},
  "resources": [
    {
      "mode": "managed",
      "type": "yandex_vpc_subnet",
      "name": "subnet-1",
      "provider": "provider[\"registry.terraform.io/yandex-cloud/yandex\"]",
      "instances": [
        {
          "schema_version": 0,
          "attributes": {
            "created_at": "2025-02-05T07:50:15Z",
            "description": "",
            "dhcp_options": [],
            "folder_id": "b1g5rr7vs8qnd5ikd5ee",
            "id": "e2l8tjujc9lqlgtckb4g",
            "labels": {},
            "name": "",
            "network_id": "enpmh70o9th9o6blra2q",
            "route_table_id": "",
            "timeouts": null,
            "v4_cidr_blocks": [
              "10.131.0.0/24"
            ],
            "v6_cidr_blocks": [],
            "zone": "ru-central1-b"
          },
          "sensitive_attributes": [],
          "private": "eyJlMmJmYjczMC1lY2FhLTExZTYtOGY4OC0zNDM2M2JjN2M0YzAiOnsiY3JlYXRlIjoxODAwMDAwMDAwMDAsImRlbGV0ZSI6MTgwMDAwMDAwMDAwLCJ1cGRhdGUiOjE4MDAwMDAwMDAwMH19",
          "dependencies": [
            "yandex_vpc_network.network-1"
          ]
        }
      ]
    }
  ],
  "check_results": null
}
