{
  "version": 4,
  "terraform_version": "1.10.5",
  "serial": 20,
  "lineage": "bb9e9f59-c9a7-b0a1-833b-879e05b6ff0e",
  "outputs": {
    "external_ip_address_vm_1": {
      "value": "158.160.131.60",
      "type": "string"
    },
    "external_ip_address_vm_2": {
      "value": "158.160.159.34",
      "type": "string"
    },
    "internal_ip_address_vm_1": {
      "value": "192.168.10.21",
      "type": "string"
    },
    "internal_ip_address_vm_2": {
      "value": "192.168.10.6",
      "type": "string"
    }
  },
  "resources": [
    {
      "mode": "managed",
      "type": "yandex_compute_disk",
      "name": "boot-disk-1",
      "provider": "provider[\"registry.terraform.io/yandex-cloud/yandex\"]",
      "instances": [
        {
          "schema_version": 0,
          "attributes": {
            "allow_recreate": null,
            "block_size": 4096,
            "created_at": "2025-02-06T15:26:09Z",
            "description": "",
            "disk_placement_policy": [
              {
                "disk_placement_group_id": ""
              }
            ],
            "folder_id": "b1g4uems566mfqtfls6r",
            "hardware_generation": [
              {
                "generation2_features": [],
                "legacy_features": [
                  {
                    "pci_topology": "PCI_TOPOLOGY_V1"
                  }
                ]
              }
            ],
            "id": "fv4a2gigudfl2d9md6mr",
            "image_id": "fd8ldp0p1dtrfl09r797",
            "kms_key_id": null,
            "labels": {},
            "name": "boot-disk-1",
            "product_ids": [
              "f2e5n6ia72e3dph94c8v"
            ],
            "size": 20,
            "snapshot_id": "",
            "status": "ready",
            "timeouts": null,
            "type": "network-hdd",
            "zone": "ru-central1-d"
          },
          "sensitive_attributes": [],
          "private": "eyJlMmJmYjczMC1lY2FhLTExZTYtOGY4OC0zNDM2M2JjN2M0YzAiOnsiY3JlYXRlIjozMDAwMDAwMDAwMDAsImRlbGV0ZSI6MzAwMDAwMDAwMDAwLCJ1cGRhdGUiOjMwMDAwMDAwMDAwMH19"
        }
      ]
    },
    {
      "mode": "managed",
      "type": "yandex_compute_disk",
      "name": "boot-disk-2",
      "provider": "provider[\"registry.terraform.io/yandex-cloud/yandex\"]",
      "instances": [
        {
          "schema_version": 0,
          "attributes": {
            "allow_recreate": null,
            "block_size": 4096,
            "created_at": "2025-02-06T15:26:09Z",
            "description": "",
            "disk_placement_policy": [
              {
                "disk_placement_group_id": ""
              }
            ],
            "folder_id": "b1g4uems566mfqtfls6r",
            "hardware_generation": [
              {
                "generation2_features": [],
                "legacy_features": [
                  {
                    "pci_topology": "PCI_TOPOLOGY_V1"
                  }
                ]
              }
            ],
            "id": "fv4k7jnn4r09d324q832",
            "image_id": "fd8ldp0p1dtrfl09r797",
            "kms_key_id": null,
            "labels": {},
            "name": "boot-disk-2",
            "product_ids": [
              "f2e5n6ia72e3dph94c8v"
            ],
            "size": 20,
            "snapshot_id": "",
            "status": "ready",
            "timeouts": null,
            "type": "network-hdd",
            "zone": "ru-central1-d"
          },
          "sensitive_attributes": [],
          "private": "eyJlMmJmYjczMC1lY2FhLTExZTYtOGY4OC0zNDM2M2JjN2M0YzAiOnsiY3JlYXRlIjozMDAwMDAwMDAwMDAsImRlbGV0ZSI6MzAwMDAwMDAwMDAwLCJ1cGRhdGUiOjMwMDAwMDAwMDAwMH19"
        }
      ]
    },
    {
      "mode": "managed",
      "type": "yandex_compute_instance",
      "name": "vm-1",
      "provider": "provider[\"registry.terraform.io/yandex-cloud/yandex\"]",
      "instances": [
        {
          "schema_version": 1,
          "attributes": {
            "allow_recreate": null,
            "allow_stopping_for_update": null,
            "boot_disk": [
              {
                "auto_delete": true,
                "device_name": "fv4a2gigudfl2d9md6mr",
                "disk_id": "fv4a2gigudfl2d9md6mr",
                "initialize_params": [
                  {
                    "block_size": 4096,
                    "description": "",
                    "image_id": "fd8ldp0p1dtrfl09r797",
                    "kms_key_id": "",
                    "name": "boot-disk-1",
                    "size": 20,
                    "snapshot_id": "",
                    "type": "network-hdd"
                  }
                ],
                "mode": "READ_WRITE"
              }
            ],
            "created_at": "2025-02-06T15:35:46Z",
            "description": "",
            "filesystem": [],
            "folder_id": "b1g4uems566mfqtfls6r",
            "fqdn": "fv4fgop3c4uea00ul3p9.auto.internal",
            "gpu_cluster_id": "",
            "hardware_generation": [
              {
                "generation2_features": [],
                "legacy_features": [
                  {
                    "pci_topology": "PCI_TOPOLOGY_V1"
                  }
                ]
              }
            ],
            "hostname": "",
            "id": "fv4fgop3c4uea00ul3p9",
            "labels": null,
            "local_disk": [],
            "maintenance_grace_period": "",
            "maintenance_policy": null,
            "metadata": {
              "user-data": "#cloud-config\r\nusers:\r\n  - name: admin\r\n    groups: sudo\r\n    shell: /bin/bash\r\n    sudo: 'ALL=(ALL) NOPASSWD:ALL'\r\n    ssh_authorized_keys:\r\n      - ssh-rsa AAAAB3NzaC1yc2EAAAADAQABAAABgQDQORkmuJwnf1vUOjeSQ0iwTCfb+0bOIVPsaS68bOHltsmovABcVSm0+dJvs9zW/OB8np6I5fZVWnODQbRFV4e6jMO0S0+6A5Az+anbDxr2nJ542l1x776HPYhlNvSvfadHccAnyfcOnvEXhoEhXPqnUyapX86U2yUXKr5Se6j2UvR1I1EIfVgGQ6cGBb17g7X0S4jN12Ebf9Sao9AIntQ6Nbr9QmJ9zazAeeT4slfvhGtBbAU9NZeDr20W3fysXClBp4xiK/HEaCUJu334wuSjOurVsR0gs5RhSueoHaUHFCb7Hx3dwMnJhMkmhPEscnsUIJ23rjXUyADTuN+IpNgwHfzumxVDCW0UzzeORPZZzxa7N5nckv577uPXLlvzFOKn8e50d/hEoYpIzSba8ErME7p2u0bcg2WU/vSzpIVfDrUwN0LekQRvBttrBKdlNtyrgdL0mfDYmkseh82ANjrEfqlvqgB8fV3PWux5i1ReH0seCialS450z0QoGFWyIg0= Фёдор@DESKTOP-9PQ219K\r\n\t  "
            },
            "metadata_options": [
              {
                "aws_v1_http_endpoint": 1,
                "aws_v1_http_token": 2,
                "gce_http_endpoint": 1,
                "gce_http_token": 1
              }
            ],
            "name": "terraform1",
            "network_acceleration_type": "standard",
            "network_interface": [
              {
                "dns_record": [],
                "index": 0,
                "ip_address": "192.168.10.21",
                "ipv4": true,
                "ipv6": false,
                "ipv6_address": "",
                "ipv6_dns_record": [],
                "mac_address": "d0:0d:f8:63:23:61",
                "nat": true,
                "nat_dns_record": [],
                "nat_ip_address": "158.160.131.60",
                "nat_ip_version": "IPV4",
                "security_group_ids": [],
                "subnet_id": "fl8oel0r7amlt1b0ik4a"
              }
            ],
            "placement_policy": [
              {
                "host_affinity_rules": [],
                "placement_group_id": "",
                "placement_group_partition": 0
              }
            ],
            "platform_id": "standard-v2",
            "resources": [
              {
                "core_fraction": 100,
                "cores": 2,
                "gpus": 0,
                "memory": 2
              }
            ],
            "scheduling_policy": [
              {
                "preemptible": false
              }
            ],
            "secondary_disk": [],
            "service_account_id": "",
            "status": "running",
            "timeouts": null,
            "zone": "ru-central1-d"
          },
          "sensitive_attributes": [],
          "private": "eyJlMmJmYjczMC1lY2FhLTExZTYtOGY4OC0zNDM2M2JjN2M0YzAiOnsiY3JlYXRlIjozMDAwMDAwMDAwMDAsImRlbGV0ZSI6MzAwMDAwMDAwMDAwLCJ1cGRhdGUiOjMwMDAwMDAwMDAwMH0sInNjaGVtYV92ZXJzaW9uIjoiMSJ9",
          "dependencies": [
            "yandex_compute_disk.boot-disk-1",
            "yandex_vpc_network.network-1",
            "yandex_vpc_subnet.subnet-1"
          ]
        }
      ]
    },
    {
      "mode": "managed",
      "type": "yandex_compute_instance",
      "name": "vm-2",
      "provider": "provider[\"registry.terraform.io/yandex-cloud/yandex\"]",
      "instances": [
        {
          "schema_version": 1,
          "attributes": {
            "allow_recreate": null,
            "allow_stopping_for_update": null,
            "boot_disk": [
              {
                "auto_delete": true,
                "device_name": "fv4k7jnn4r09d324q832",
                "disk_id": "fv4k7jnn4r09d324q832",
                "initialize_params": [
                  {
                    "block_size": 4096,
                    "description": "",
                    "image_id": "fd8ldp0p1dtrfl09r797",
                    "kms_key_id": "",
                    "name": "boot-disk-2",
                    "size": 20,
                    "snapshot_id": "",
                    "type": "network-hdd"
                  }
                ],
                "mode": "READ_WRITE"
              }
            ],
            "created_at": "2025-02-06T15:35:46Z",
            "description": "",
            "filesystem": [],
            "folder_id": "b1g4uems566mfqtfls6r",
            "fqdn": "fv48phogsdmauhf399d2.auto.internal",
            "gpu_cluster_id": "",
            "hardware_generation": [
              {
                "generation2_features": [],
                "legacy_features": [
                  {
                    "pci_topology": "PCI_TOPOLOGY_V1"
                  }
                ]
              }
            ],
            "hostname": "",
            "id": "fv48phogsdmauhf399d2",
            "labels": null,
            "local_disk": [],
            "maintenance_grace_period": "",
            "maintenance_policy": null,
            "metadata": {
              "user-data": "#cloud-config\r\nusers:\r\n  - name: admin\r\n    groups: sudo\r\n    shell: /bin/bash\r\n    sudo: 'ALL=(ALL) NOPASSWD:ALL'\r\n    ssh_authorized_keys:\r\n      - ssh-rsa AAAAB3NzaC1yc2EAAAADAQABAAABgQDQORkmuJwnf1vUOjeSQ0iwTCfb+0bOIVPsaS68bOHltsmovABcVSm0+dJvs9zW/OB8np6I5fZVWnODQbRFV4e6jMO0S0+6A5Az+anbDxr2nJ542l1x776HPYhlNvSvfadHccAnyfcOnvEXhoEhXPqnUyapX86U2yUXKr5Se6j2UvR1I1EIfVgGQ6cGBb17g7X0S4jN12Ebf9Sao9AIntQ6Nbr9QmJ9zazAeeT4slfvhGtBbAU9NZeDr20W3fysXClBp4xiK/HEaCUJu334wuSjOurVsR0gs5RhSueoHaUHFCb7Hx3dwMnJhMkmhPEscnsUIJ23rjXUyADTuN+IpNgwHfzumxVDCW0UzzeORPZZzxa7N5nckv577uPXLlvzFOKn8e50d/hEoYpIzSba8ErME7p2u0bcg2WU/vSzpIVfDrUwN0LekQRvBttrBKdlNtyrgdL0mfDYmkseh82ANjrEfqlvqgB8fV3PWux5i1ReH0seCialS450z0QoGFWyIg0= Фёдор@DESKTOP-9PQ219K\r\n\t  "
            },
            "metadata_options": [
              {
                "aws_v1_http_endpoint": 1,
                "aws_v1_http_token": 2,
                "gce_http_endpoint": 1,
                "gce_http_token": 1
              }
            ],
            "name": "terraform2",
            "network_acceleration_type": "standard",
            "network_interface": [
              {
                "dns_record": [],
                "index": 0,
                "ip_address": "192.168.10.6",
                "ipv4": true,
                "ipv6": false,
                "ipv6_address": "",
                "ipv6_dns_record": [],
                "mac_address": "d0:0d:8c:c7:10:e3",
                "nat": true,
                "nat_dns_record": [],
                "nat_ip_address": "158.160.159.34",
                "nat_ip_version": "IPV4",
                "security_group_ids": [],
                "subnet_id": "fl8oel0r7amlt1b0ik4a"
              }
            ],
            "placement_policy": [
              {
                "host_affinity_rules": [],
                "placement_group_id": "",
                "placement_group_partition": 0
              }
            ],
            "platform_id": "standard-v2",
            "resources": [
              {
                "core_fraction": 100,
                "cores": 4,
                "gpus": 0,
                "memory": 4
              }
            ],
            "scheduling_policy": [
              {
                "preemptible": false
              }
            ],
            "secondary_disk": [],
            "service_account_id": "",
            "status": "running",
            "timeouts": null,
            "zone": "ru-central1-d"
          },
          "sensitive_attributes": [],
          "private": "eyJlMmJmYjczMC1lY2FhLTExZTYtOGY4OC0zNDM2M2JjN2M0YzAiOnsiY3JlYXRlIjozMDAwMDAwMDAwMDAsImRlbGV0ZSI6MzAwMDAwMDAwMDAwLCJ1cGRhdGUiOjMwMDAwMDAwMDAwMH0sInNjaGVtYV92ZXJzaW9uIjoiMSJ9",
          "dependencies": [
            "yandex_compute_disk.boot-disk-2",
            "yandex_vpc_network.network-1",
            "yandex_vpc_subnet.subnet-1"
          ]
        }
      ]
    },
    {
      "mode": "managed",
      "type": "yandex_vpc_network",
      "name": "network-1",
      "provider": "provider[\"registry.terraform.io/yandex-cloud/yandex\"]",
      "instances": [
        {
          "schema_version": 0,
          "attributes": {
            "created_at": "2025-02-06T15:13:10Z",
            "default_security_group_id": "enpeusiltlsoak1mnfe7",
            "description": "",
            "folder_id": "b1g4uems566mfqtfls6r",
            "id": "enpjfd7l9f53vf7gu9vk",
            "labels": {},
            "name": "network1",
            "subnet_ids": [
              "fl8oel0r7amlt1b0ik4a"
            ],
            "timeouts": null
          },
          "sensitive_attributes": [],
          "private": "eyJlMmJmYjczMC1lY2FhLTExZTYtOGY4OC0zNDM2M2JjN2M0YzAiOnsiY3JlYXRlIjo2MDAwMDAwMDAwMCwiZGVsZXRlIjo2MDAwMDAwMDAwMCwidXBkYXRlIjo2MDAwMDAwMDAwMH19"
        }
      ]
    },
    {
      "mode": "managed",
      "type": "yandex_vpc_subnet",
      "name": "subnet-1",
      "provider": "provider[\"registry.terraform.io/yandex-cloud/yandex\"]",
      "instances": [
        {
          "schema_version": 0,
          "attributes": {
            "created_at": "2025-02-06T15:13:12Z",
            "description": "",
            "dhcp_options": [],
            "folder_id": "b1g4uems566mfqtfls6r",
            "id": "fl8oel0r7amlt1b0ik4a",
            "labels": {},
            "name": "subnet1",
            "network_id": "enpjfd7l9f53vf7gu9vk",
            "route_table_id": "",
            "timeouts": null,
            "v4_cidr_blocks": [
              "192.168.10.0/24"
            ],
            "v6_cidr_blocks": [],
            "zone": "ru-central1-d"
          },
          "sensitive_attributes": [],
          "private": "eyJlMmJmYjczMC1lY2FhLTExZTYtOGY4OC0zNDM2M2JjN2M0YzAiOnsiY3JlYXRlIjoxODAwMDAwMDAwMDAsImRlbGV0ZSI6MTgwMDAwMDAwMDAwLCJ1cGRhdGUiOjE4MDAwMDAwMDAwMH19",
          "dependencies": [
            "yandex_vpc_network.network-1"
          ]
        }
      ]
    }
  ],
  "check_results": null
}
