{
  "version": 4,
  "terraform_version": "1.10.5",
  "serial": 8,
  "lineage": "3007744c-c59e-1f83-83ec-45aeae1c6327",
  "outputs": {},
  "resources": [
    {
      "mode": "managed",
      "type": "yandex_compute_instance",
      "name": "vm-1",
      "provider": "provider[\"registry.terraform.io/yandex-cloud/yandex\"]",
      "instances": [
        {
          "schema_version": 1,
          "attributes": {
            "allow_recreate": null,
            "allow_stopping_for_update": null,
            "boot_disk": [
              {
                "auto_delete": true,
                "device_name": "fhmfoi67uorcrg2j1tb3",
                "disk_id": "fhmfoi67uorcrg2j1tb3",
                "initialize_params": [
                  {
                    "block_size": 4096,
                    "description": "",
                    "image_id": "fd86jl8gechvgkabt374",
                    "kms_key_id": "",
                    "name": "",
                    "size": 5,
                    "snapshot_id": "",
                    "type": "network-hdd"
                  }
                ],
                "mode": "READ_WRITE"
              }
            ],
            "created_at": "2025-02-06T20:13:35Z",
            "description": "",
            "filesystem": [],
            "folder_id": "b1ga70f94f0o5e4c2sgl",
            "fqdn": "fhma896s1cj8i8qbsp3i.auto.internal",
            "gpu_cluster_id": "",
            "hardware_generation": [
              {
                "generation2_features": [],
                "legacy_features": [
                  {
                    "pci_topology": "PCI_TOPOLOGY_V1"
                  }
                ]
              }
            ],
            "hostname": "",
            "id": "fhma896s1cj8i8qbsp3i",
            "labels": null,
            "local_disk": [],
            "maintenance_grace_period": "",
            "maintenance_policy": null,
            "metadata": {
              "ssh-keys": "ubuntu:ssh-rsa AAAAB3NzaC1yc2EAAAADAQABAAACAQDnxCH3MVZjOxhg4RfrPL7cC8JBWG4WjEjDKhGkEq+TUEUmMwxSjnbfYwERp46/pByqsNdZp0xRENjFvDVhitEWF2w4Ptaq5lk921p6xouj2GoX3pVxE1qSDgCGBC0fyrBf9aw8icbJU4qtNbzsfRWZgl6tJqgbgSH+4CC6h9J7QnoiHJXA4XTmDVymExID9uVRUmVt+L1CrFJczGKOWAsKrX7DCIsQPi/twtwVdacN1fcjpAeMZphUYdpohMYgdDDSFXAtZrooKx6ps69OZSXIypf7Mp1XNW5+rChKPKPhGNgd0rgxXrUbEVU5v4wm7jXL5JCL+rGskpJvFPOi0QOhmFoa8QNwEwZci6nUTcG6HpzC7UnmCf/f4K/Tc8dza+Q+NR7I4BJ8wOLrv+rkS5zpvXO4rhCd+ZaQ5OY5v/HXMhOIuK0u9mhnCLoPOyeZCalxjLqrZRy9x5TwO/EiyfPaklnxr6jCXnAfnQ0Zi7XM6f/Q+24bbwj9/yVZ7FULCbwE8I0yzrNsOn7gKsxjmmVhQK15tSs60xbLL980BWGBV8NbiuqF6fEDQqJOdktC9XLUCAeQ9KF2mAv6aW6M6LvCiqQBh7lYYgbGAtNb3EFFESt0/o95iy85ty4OiFym+vFezjyh140ZNxu+nfFIG2ReYMKn3fQ+iWYmWuC/NC5Lqw== denisnesterov3005@yandex.ru\n"
            },
            "metadata_options": [
              {
                "aws_v1_http_endpoint": 1,
                "aws_v1_http_token": 2,
                "gce_http_endpoint": 1,
                "gce_http_token": 1
              }
            ],
            "name": "denisnesterov",
            "network_acceleration_type": "standard",
            "network_interface": [
              {
                "dns_record": [],
                "index": 0,
                "ip_address": "192.168.10.17",
                "ipv4": true,
                "ipv6": false,
                "ipv6_address": "",
                "ipv6_dns_record": [],
                "mac_address": "d0:0d:a4:24:dc:0b",
                "nat": true,
                "nat_dns_record": [],
                "nat_ip_address": "89.169.147.5",
                "nat_ip_version": "IPV4",
                "security_group_ids": [],
                "subnet_id": "e9bnp6r2t6b46u1q67j2"
              }
            ],
            "placement_policy": [
              {
                "host_affinity_rules": [],
                "placement_group_id": "",
                "placement_group_partition": 0
              }
            ],
            "platform_id": "standard-v1",
            "resources": [
              {
                "core_fraction": 100,
                "cores": 2,
                "gpus": 0,
                "memory": 2
              }
            ],
            "scheduling_policy": [
              {
                "preemptible": false
              }
            ],
            "secondary_disk": [],
            "service_account_id": "",
            "status": "running",
            "timeouts": null,
            "zone": "ru-central1-a"
          },
          "sensitive_attributes": [],
          "private": "eyJlMmJmYjczMC1lY2FhLTExZTYtOGY4OC0zNDM2M2JjN2M0YzAiOnsiY3JlYXRlIjozMDAwMDAwMDAwMDAsImRlbGV0ZSI6MzAwMDAwMDAwMDAwLCJ1cGRhdGUiOjMwMDAwMDAwMDAwMH0sInNjaGVtYV92ZXJzaW9uIjoiMSJ9",
          "dependencies": [
            "yandex_vpc_network.network-1",
            "yandex_vpc_subnet.subnet-1"
          ]
        }
      ]
    },
    {
      "mode": "managed",
      "type": "yandex_vpc_network",
      "name": "network-1",
      "provider": "provider[\"registry.terraform.io/yandex-cloud/yandex\"]",
      "instances": [
        {
          "schema_version": 0,
          "attributes": {
            "created_at": "2025-02-06T19:59:13Z",
            "default_security_group_id": "enpl5683ctm8jq916lv4",
            "description": "",
            "folder_id": "b1ga70f94f0o5e4c2sgl",
            "id": "enp6j8ufr9r19e7pfvgv",
            "labels": {},
            "name": "network-1",
            "subnet_ids": [
              "e9bnp6r2t6b46u1q67j2"
            ],
            "timeouts": null
          },
          "sensitive_attributes": [],
          "private": "eyJlMmJmYjczMC1lY2FhLTExZTYtOGY4OC0zNDM2M2JjN2M0YzAiOnsiY3JlYXRlIjo2MDAwMDAwMDAwMCwiZGVsZXRlIjo2MDAwMDAwMDAwMCwidXBkYXRlIjo2MDAwMDAwMDAwMH19"
        }
      ]
    },
    {
      "mode": "managed",
      "type": "yandex_vpc_subnet",
      "name": "subnet-1",
      "provider": "provider[\"registry.terraform.io/yandex-cloud/yandex\"]",
      "instances": [
        {
          "schema_version": 0,
          "attributes": {
            "created_at": "2025-02-06T19:59:16Z",
            "description": "",
            "dhcp_options": [],
            "folder_id": "b1ga70f94f0o5e4c2sgl",
            "id": "e9bnp6r2t6b46u1q67j2",
            "labels": {},
            "name": "subnet-1",
            "network_id": "enp6j8ufr9r19e7pfvgv",
            "route_table_id": "",
            "timeouts": null,
            "v4_cidr_blocks": [
              "192.168.10.0/24"
            ],
            "v6_cidr_blocks": [],
            "zone": "ru-central1-a"
          },
          "sensitive_attributes": [],
          "private": "eyJlMmJmYjczMC1lY2FhLTExZTYtOGY4OC0zNDM2M2JjN2M0YzAiOnsiY3JlYXRlIjoxODAwMDAwMDAwMDAsImRlbGV0ZSI6MTgwMDAwMDAwMDAwLCJ1cGRhdGUiOjE4MDAwMDAwMDAwMH19",
          "dependencies": [
            "yandex_vpc_network.network-1"
          ]
        }
      ]
    }
  ],
  "check_results": null
}
