{
  "version": 4,
  "terraform_version": "1.10.5",
  "serial": 6,
  "lineage": "3007744c-c59e-1f83-83ec-45aeae1c6327",
  "outputs": {},
  "resources": [
    {
      "mode": "managed",
      "type": "yandex_vpc_network",
      "name": "network-1",
      "provider": "provider[\"registry.terraform.io/yandex-cloud/yandex\"]",
      "instances": [
        {
          "schema_version": 0,
          "attributes": {
            "created_at": "2025-02-06T19:59:13Z",
            "default_security_group_id": "enpl5683ctm8jq916lv4",
            "description": "",
            "folder_id": "b1ga70f94f0o5e4c2sgl",
            "id": "enp6j8ufr9r19e7pfvgv",
            "labels": {},
            "name": "network-1",
            "subnet_ids": [
              "e9bnp6r2t6b46u1q67j2"
            ],
            "timeouts": null
          },
          "sensitive_attributes": [],
          "private": "eyJlMmJmYjczMC1lY2FhLTExZTYtOGY4OC0zNDM2M2JjN2M0YzAiOnsiY3JlYXRlIjo2MDAwMDAwMDAwMCwiZGVsZXRlIjo2MDAwMDAwMDAwMCwidXBkYXRlIjo2MDAwMDAwMDAwMH19"
        }
      ]
    },
    {
      "mode": "managed",
      "type": "yandex_vpc_subnet",
      "name": "subnet-1",
      "provider": "provider[\"registry.terraform.io/yandex-cloud/yandex\"]",
      "instances": [
        {
          "schema_version": 0,
          "attributes": {
            "created_at": "2025-02-06T19:59:16Z",
            "description": "",
            "dhcp_options": [],
            "folder_id": "b1ga70f94f0o5e4c2sgl",
            "id": "e9bnp6r2t6b46u1q67j2",
            "labels": {},
            "name": "subnet-1",
            "network_id": "enp6j8ufr9r19e7pfvgv",
            "route_table_id": "",
            "timeouts": null,
            "v4_cidr_blocks": [
              "192.168.10.0/24"
            ],
            "v6_cidr_blocks": [],
            "zone": "ru-central1-a"
          },
          "sensitive_attributes": [],
          "private": "eyJlMmJmYjczMC1lY2FhLTExZTYtOGY4OC0zNDM2M2JjN2M0YzAiOnsiY3JlYXRlIjoxODAwMDAwMDAwMDAsImRlbGV0ZSI6MTgwMDAwMDAwMDAwLCJ1cGRhdGUiOjE4MDAwMDAwMDAwMH19",
          "dependencies": [
            "yandex_vpc_network.network-1"
          ]
        }
      ]
    }
  ],
  "check_results": null
}
