{
  "version": 4,
  "terraform_version": "1.10.5",
  "serial": 6,
  "lineage": "d4d5c9f2-1a01-f63b-70ac-a092d89f42c5",
  "outputs": {},
  "resources": [
    {
      "mode": "managed",
      "type": "yandex_vpc_network",
      "name": "network-1",
      "provider": "provider[\"registry.terraform.io/yandex-cloud/yandex\"]",
      "instances": [
        {
          "schema_version": 0,
          "attributes": {
            "created_at": "2025-02-06T19:01:30Z",
            "default_security_group_id": "enpl3o4qp3np61dj84u2",
            "description": "",
            "folder_id": "b1gn9gsrennlh2r2hib9",
            "id": "enpm0tlr18gk3q3oejb1",
            "labels": {},
            "name": "ya-network",
            "subnet_ids": [
              "e9bd7hkdug0rit60mina"
            ],
            "timeouts": null
          },
          "sensitive_attributes": [],
          "private": "eyJlMmJmYjczMC1lY2FhLTExZTYtOGY4OC0zNDM2M2JjN2M0YzAiOnsiY3JlYXRlIjo2MDAwMDAwMDAwMCwiZGVsZXRlIjo2MDAwMDAwMDAwMCwidXBkYXRlIjo2MDAwMDAwMDAwMH19"
        }
      ]
    },
    {
      "mode": "managed",
      "type": "yandex_vpc_subnet",
      "name": "subnet-1",
      "provider": "provider[\"registry.terraform.io/yandex-cloud/yandex\"]",
      "instances": [
        {
          "schema_version": 0,
          "attributes": {
            "created_at": "2025-02-06T19:01:35Z",
            "description": "",
            "dhcp_options": [],
            "folder_id": "b1gn9gsrennlh2r2hib9",
            "id": "e9bd7hkdug0rit60mina",
            "labels": {},
            "name": "ya-subnet",
            "network_id": "enpm0tlr18gk3q3oejb1",
            "route_table_id": "",
            "timeouts": null,
            "v4_cidr_blocks": [
              "192.168.10.0/24"
            ],
            "v6_cidr_blocks": [],
            "zone": "ru-central1-a"
          },
          "sensitive_attributes": [],
          "private": "eyJlMmJmYjczMC1lY2FhLTExZTYtOGY4OC0zNDM2M2JjN2M0YzAiOnsiY3JlYXRlIjoxODAwMDAwMDAwMDAsImRlbGV0ZSI6MTgwMDAwMDAwMDAwLCJ1cGRhdGUiOjE4MDAwMDAwMDAwMH19",
          "dependencies": [
            "yandex_vpc_network.network-1"
          ]
        }
      ]
    }
  ],
  "check_results": null
}
