{
  "version": 4,
  "terraform_version": "1.10.5",
  "serial": 8,
  "lineage": "d4d5c9f2-1a01-f63b-70ac-a092d89f42c5",
  "outputs": {},
  "resources": [
    {
      "mode": "data",
      "type": "yandex_compute_image",
      "name": "ubuntu",
      "provider": "provider[\"registry.terraform.io/yandex-cloud/yandex\"]",
      "instances": [
        {
          "schema_version": 0,
          "attributes": {
            "created_at": "2025-02-03T11:06:30Z",
            "description": "ubuntu 22.04 lts",
            "family": "ubuntu-2204-lts",
            "folder_id": "standard-images",
            "hardware_generation": [
              {
                "generation2_features": [],
                "legacy_features": [
                  {
                    "pci_topology": "PCI_TOPOLOGY_V1"
                  }
                ]
              }
            ],
            "id": "fd8j3fo8lqh4730j2ftd",
            "image_id": "fd8j3fo8lqh4730j2ftd",
            "kms_key_id": null,
            "labels": {},
            "min_disk_size": 8,
            "name": "ubuntu-22-04-lts-v20250203",
            "os_type": "linux",
            "pooled": true,
            "product_ids": [
              "f2ebj2oj0d2aeadn1j0m"
            ],
            "size": 7,
            "status": "ready"
          },
          "sensitive_attributes": []
        }
      ]
    },
    {
      "mode": "managed",
      "type": "yandex_compute_instance",
      "name": "vm-1",
      "provider": "provider[\"registry.terraform.io/yandex-cloud/yandex\"]",
      "instances": [
        {
          "schema_version": 1,
          "attributes": {
            "allow_recreate": null,
            "allow_stopping_for_update": null,
            "boot_disk": [
              {
                "auto_delete": true,
                "device_name": "fhme34knt83t9v1d50p9",
                "disk_id": "fhme34knt83t9v1d50p9",
                "initialize_params": [
                  {
                    "block_size": 4096,
                    "description": "",
                    "image_id": "fd8j3fo8lqh4730j2ftd",
                    "kms_key_id": "",
                    "name": "",
                    "size": 8,
                    "snapshot_id": "",
                    "type": "network-hdd"
                  }
                ],
                "mode": "READ_WRITE"
              }
            ],
            "created_at": "2025-02-06T19:08:40Z",
            "description": "",
            "filesystem": [],
            "folder_id": "b1gn9gsrennlh2r2hib9",
            "fqdn": "fhmmpk2bsn7atvjdpqg1.auto.internal",
            "gpu_cluster_id": "",
            "hardware_generation": [
              {
                "generation2_features": [],
                "legacy_features": [
                  {
                    "pci_topology": "PCI_TOPOLOGY_V1"
                  }
                ]
              }
            ],
            "hostname": "",
            "id": "fhmmpk2bsn7atvjdpqg1",
            "labels": null,
            "local_disk": [],
            "maintenance_grace_period": "",
            "maintenance_policy": null,
            "metadata": {
              "ssh-keys": "ubuntu:ssh-rsa AAAAB3NzaC1yc2EAAAADAQABAAABgQDRKa8pmog5yfadwYNaHgiyjerc+411oJuIN73rQWijAfc20elkiEcN5msNOHTTwKiOUskHlZflY5R23ZICXPb46bDQVFXq5xyY6mzZRLne4azjhIhyV8hdzxWu6PZEMDjD83COheP3xvnxysdHz7uwvDhM18iBCH53GWl02E46JMKl5MT6Uhg7jsm5qVj8sTkn6ldeniFElc84sDFmPclw3YvWkBgUfPTl/qzE4f1v7VFfskxot0Zud2D9m5/CxYwJtgb+xvGgfhEJMWX1GEH59uKfDsxjFN+Jk7BLqzgopm0wU1b/IKa5d/mD8rxEDrwIQzox8UGFsGgGDfqFsI80LUaEKR9fAF8n23L4Ax0/D3LLEfBABdriulI5CqtpOQikX1ybA+6LdZj/KtHLIhLOVO3t5q24Bp7dmq7gTPXcf3gQiv5PB/ayNBzKHL8zuEo3CzbCLmNfIleV8vppeTPI9EXGLBPcpky8LzNp58fvlppwyyteFEmcIKw04b4y4CM= friedox@DESKTOP-18SIVGM\r\n"
            },
            "metadata_options": [
              {
                "aws_v1_http_endpoint": 1,
                "aws_v1_http_token": 2,
                "gce_http_endpoint": 1,
                "gce_http_token": 1
              }
            ],
            "name": "terraform1",
            "network_acceleration_type": "standard",
            "network_interface": [
              {
                "dns_record": [],
                "index": 0,
                "ip_address": "192.168.10.10",
                "ipv4": true,
                "ipv6": false,
                "ipv6_address": "",
                "ipv6_dns_record": [],
                "mac_address": "d0:0d:16:cd:04:be",
                "nat": true,
                "nat_dns_record": [],
                "nat_ip_address": "51.250.95.42",
                "nat_ip_version": "IPV4",
                "security_group_ids": [],
                "subnet_id": "e9bd7hkdug0rit60mina"
              }
            ],
            "placement_policy": [
              {
                "host_affinity_rules": [],
                "placement_group_id": "",
                "placement_group_partition": 0
              }
            ],
            "platform_id": "standard-v1",
            "resources": [
              {
                "core_fraction": 100,
                "cores": 2,
                "gpus": 0,
                "memory": 2
              }
            ],
            "scheduling_policy": [
              {
                "preemptible": false
              }
            ],
            "secondary_disk": [],
            "service_account_id": "",
            "status": "running",
            "timeouts": null,
            "zone": "ru-central1-a"
          },
          "sensitive_attributes": [],
          "private": "eyJlMmJmYjczMC1lY2FhLTExZTYtOGY4OC0zNDM2M2JjN2M0YzAiOnsiY3JlYXRlIjozMDAwMDAwMDAwMDAsImRlbGV0ZSI6MzAwMDAwMDAwMDAwLCJ1cGRhdGUiOjMwMDAwMDAwMDAwMH0sInNjaGVtYV92ZXJzaW9uIjoiMSJ9",
          "dependencies": [
            "data.yandex_compute_image.ubuntu",
            "yandex_vpc_network.network-1",
            "yandex_vpc_subnet.subnet-1"
          ]
        }
      ]
    },
    {
      "mode": "managed",
      "type": "yandex_vpc_network",
      "name": "network-1",
      "provider": "provider[\"registry.terraform.io/yandex-cloud/yandex\"]",
      "instances": [
        {
          "schema_version": 0,
          "attributes": {
            "created_at": "2025-02-06T19:01:30Z",
            "default_security_group_id": "enpl3o4qp3np61dj84u2",
            "description": "",
            "folder_id": "b1gn9gsrennlh2r2hib9",
            "id": "enpm0tlr18gk3q3oejb1",
            "labels": {},
            "name": "ya-network",
            "subnet_ids": [
              "e9bd7hkdug0rit60mina"
            ],
            "timeouts": null
          },
          "sensitive_attributes": [],
          "private": "eyJlMmJmYjczMC1lY2FhLTExZTYtOGY4OC0zNDM2M2JjN2M0YzAiOnsiY3JlYXRlIjo2MDAwMDAwMDAwMCwiZGVsZXRlIjo2MDAwMDAwMDAwMCwidXBkYXRlIjo2MDAwMDAwMDAwMH19"
        }
      ]
    },
    {
      "mode": "managed",
      "type": "yandex_vpc_subnet",
      "name": "subnet-1",
      "provider": "provider[\"registry.terraform.io/yandex-cloud/yandex\"]",
      "instances": [
        {
          "schema_version": 0,
          "attributes": {
            "created_at": "2025-02-06T19:01:35Z",
            "description": "",
            "dhcp_options": [],
            "folder_id": "b1gn9gsrennlh2r2hib9",
            "id": "e9bd7hkdug0rit60mina",
            "labels": {},
            "name": "ya-subnet",
            "network_id": "enpm0tlr18gk3q3oejb1",
            "route_table_id": "",
            "timeouts": null,
            "v4_cidr_blocks": [
              "192.168.10.0/24"
            ],
            "v6_cidr_blocks": [],
            "zone": "ru-central1-a"
          },
          "sensitive_attributes": [],
          "private": "eyJlMmJmYjczMC1lY2FhLTExZTYtOGY4OC0zNDM2M2JjN2M0YzAiOnsiY3JlYXRlIjoxODAwMDAwMDAwMDAsImRlbGV0ZSI6MTgwMDAwMDAwMDAwLCJ1cGRhdGUiOjE4MDAwMDAwMDAwMH19",
          "dependencies": [
            "yandex_vpc_network.network-1"
          ]
        }
      ]
    }
  ],
  "check_results": null
}
