{
  "version": 4,
  "terraform_version": "1.10.5",
  "serial": 11,
  "lineage": "69239c1b-b84a-869d-3127-57bd25d92bf5",
  "outputs": {},
  "resources": [
    {
      "mode": "managed",
      "type": "github_branch_default",
      "name": "default",
      "provider": "provider[\"registry.terraform.io/integrations/github\"]",
      "instances": [
        {
          "schema_version": 0,
          "attributes": {
            "branch": "main",
            "id": "terraform-teams",
            "repository": "terraform-teams"
          },
          "sensitive_attributes": [],
          "private": "bnVsbA==",
          "dependencies": [
            "github_repository.repo"
          ]
        }
      ]
    },
    {
      "mode": "managed",
      "type": "github_repository",
      "name": "repo",
      "provider": "provider[\"registry.terraform.io/integrations/github\"]",
      "instances": [
        {
          "schema_version": 0,
          "attributes": {
            "allow_auto_merge": false,
            "allow_merge_commit": true,
            "allow_rebase_merge": true,
            "allow_squash_merge": true,
            "archive_on_destroy": null,
            "archived": false,
            "auto_init": true,
            "branches": [
              {
                "name": "main",
                "protected": false
              }
            ],
            "default_branch": "main",
            "delete_branch_on_merge": false,
            "description": "Managed with Terraform",
            "etag": "W/\"81c376dc2e818f3cd36cd82dff2864b133af5b811f16e7d0d3917d84524ebdc4\"",
            "full_name": "S25-devops-terraform/terraform-teams",
            "git_clone_url": "git://github.com/S25-devops-terraform/terraform-teams.git",
            "gitignore_template": null,
            "has_downloads": false,
            "has_issues": false,
            "has_projects": false,
            "has_wiki": false,
            "homepage_url": "",
            "html_url": "https://github.com/S25-devops-terraform/terraform-teams",
            "http_clone_url": "https://github.com/S25-devops-terraform/terraform-teams.git",
            "id": "terraform-teams",
            "ignore_vulnerability_alerts_during_read": null,
            "is_template": false,
            "license_template": null,
            "merge_commit_message": "PR_TITLE",
            "merge_commit_title": "MERGE_MESSAGE",
            "name": "terraform-teams",
            "node_id": "R_kgDON0xfyQ",
            "pages": [],
            "private": false,
            "repo_id": 927752137,
            "squash_merge_commit_message": "COMMIT_MESSAGES",
            "squash_merge_commit_title": "COMMIT_OR_PR_TITLE",
            "ssh_clone_url": "git@github.com:S25-devops-terraform/terraform-teams.git",
            "svn_url": "https://github.com/S25-devops-terraform/terraform-teams",
            "template": [],
            "topics": null,
            "visibility": "public",
            "vulnerability_alerts": true
          },
          "sensitive_attributes": [],
          "private": "bnVsbA=="
        }
      ]
    },
    {
      "mode": "managed",
      "type": "github_team",
      "name": "admins",
      "provider": "provider[\"registry.terraform.io/integrations/github\"]",
      "instances": [
        {
          "schema_version": 0,
          "attributes": {
            "create_default_maintainer": false,
            "description": "Administrators with full access",
            "etag": "W/\"4d309d00ebf5479107aff52581ec2774b4dbabb7c49e466effc3fcac8854fbfc\"",
            "id": "12119611",
            "ldap_dn": "",
            "members_count": 0,
            "name": "Admins",
            "node_id": "T_kwDOC8v4Gc4AuO47",
            "parent_team_id": null,
            "privacy": "closed",
            "slug": "admins"
          },
          "sensitive_attributes": [],
          "private": "bnVsbA=="
        }
      ]
    },
    {
      "mode": "managed",
      "type": "github_team",
      "name": "dev_team",
      "provider": "provider[\"registry.terraform.io/integrations/github\"]",
      "instances": [
        {
          "schema_version": 0,
          "attributes": {
            "create_default_maintainer": false,
            "description": "Team for developers",
            "etag": "W/\"9ba3c80f3269e7f110335df236de602c983de877d28877aedcef51feb3a899cb\"",
            "id": "12119613",
            "ldap_dn": "",
            "members_count": 0,
            "name": "Developers",
            "node_id": "T_kwDOC8v4Gc4AuO49",
            "parent_team_id": null,
            "privacy": "closed",
            "slug": "developers"
          },
          "sensitive_attributes": [],
          "private": "bnVsbA=="
        }
      ]
    },
    {
      "mode": "managed",
      "type": "github_team",
      "name": "qa_team",
      "provider": "provider[\"registry.terraform.io/integrations/github\"]",
      "instances": [
        {
          "schema_version": 0,
          "attributes": {
            "create_default_maintainer": false,
            "description": "Team for QA engineers",
            "etag": "W/\"db8934f7397505110b18e2f6c626900f0e387d40e2769e3671ccb0710c688881\"",
            "id": "12119612",
            "ldap_dn": "",
            "members_count": 0,
            "name": "QA",
            "node_id": "T_kwDOC8v4Gc4AuO48",
            "parent_team_id": null,
            "privacy": "closed",
            "slug": "qa"
          },
          "sensitive_attributes": [],
          "private": "bnVsbA=="
        }
      ]
    },
    {
      "mode": "managed",
      "type": "github_team",
      "name": "secret_team",
      "provider": "provider[\"registry.terraform.io/integrations/github\"]",
      "instances": [
        {
          "schema_version": 0,
          "attributes": {
            "create_default_maintainer": false,
            "description": "A private team with restricted visibility",
            "etag": "W/\"bc2adcbc7261efd6b68a168771198a55e27c2c6f71c9535f8afe94160d6671f2\"",
            "id": "12119615",
            "ldap_dn": "",
            "members_count": 0,
            "name": "SecretTeam",
            "node_id": "T_kwDOC8v4Gc4AuO4_",
            "parent_team_id": null,
            "privacy": "secret",
            "slug": "secretteam"
          },
          "sensitive_attributes": [],
          "private": "bnVsbA=="
        }
      ]
    },
    {
      "mode": "managed",
      "type": "github_team_repository",
      "name": "admins_access",
      "provider": "provider[\"registry.terraform.io/integrations/github\"]",
      "instances": [
        {
          "schema_version": 0,
          "attributes": {
            "etag": "W/\"02b8358680a2e61931418bef32297ea87adc061269d2adc4b533649b3527693e\"",
            "id": "12119611:terraform-teams",
            "permission": "admin",
            "repository": "terraform-teams",
            "team_id": "12119611"
          },
          "sensitive_attributes": [],
          "private": "bnVsbA==",
          "dependencies": [
            "github_team.admins"
          ]
        }
      ]
    },
    {
      "mode": "managed",
      "type": "github_team_repository",
      "name": "developers_access",
      "provider": "provider[\"registry.terraform.io/integrations/github\"]",
      "instances": [
        {
          "schema_version": 0,
          "attributes": {
            "etag": "W/\"66d43abbc3086ec5f7e6350a8dec41e9a4a9c2487d50746dec9a01fc70625669\"",
            "id": "12119613:terraform-teams",
            "permission": "push",
            "repository": "terraform-teams",
            "team_id": "12119613"
          },
          "sensitive_attributes": [],
          "private": "bnVsbA==",
          "dependencies": [
            "github_team.dev_team"
          ]
        }
      ]
    },
    {
      "mode": "managed",
      "type": "github_team_repository",
      "name": "qa_access",
      "provider": "provider[\"registry.terraform.io/integrations/github\"]",
      "instances": [
        {
          "schema_version": 0,
          "attributes": {
            "etag": "W/\"3df68781bc25cb68235b483eb82aaadc93cd117aed22d7754d57eb35e5863590\"",
            "id": "12119612:terraform-teams",
            "permission": "pull",
            "repository": "terraform-teams",
            "team_id": "12119612"
          },
          "sensitive_attributes": [],
          "private": "bnVsbA==",
          "dependencies": [
            "github_team.qa_team"
          ]
        }
      ]
    },
    {
      "mode": "managed",
      "type": "github_team_repository",
      "name": "secret_access",
      "provider": "provider[\"registry.terraform.io/integrations/github\"]",
      "instances": [
        {
          "schema_version": 0,
          "attributes": {
            "etag": "W/\"d42aa618eb473cce6ed6423745ac6021a324b2f6b0a49b70dea30538c9ba007a\"",
            "id": "12119615:terraform-teams",
            "permission": "maintain",
            "repository": "terraform-teams",
            "team_id": "12119615"
          },
          "sensitive_attributes": [],
          "private": "bnVsbA==",
          "dependencies": [
            "github_team.secret_team"
          ]
        }
      ]
    }
  ],
  "check_results": null
}
