{
  "version": 4,
  "terraform_version": "1.10.5",
  "serial": 20,
  "lineage": "527ad488-175c-dcde-8c28-f167d7b26c36",
  "outputs": {},
  "resources": [
    {
      "mode": "managed",
      "type": "yandex_compute_instance",
      "name": "terraform1",
      "provider": "provider[\"registry.terraform.io/yandex-cloud/yandex\"]",
      "instances": [
        {
          "schema_version": 1,
          "attributes": {
            "allow_recreate": null,
            "allow_stopping_for_update": null,
            "boot_disk": [
              {
                "auto_delete": true,
                "device_name": "fv4vuggo25rumfksgg1v",
                "disk_id": "fv4vuggo25rumfksgg1v",
                "initialize_params": [
                  {
                    "block_size": 4096,
                    "description": "",
                    "image_id": "fd800c7s2p483i648ifv",
                    "kms_key_id": "",
                    "name": "",
                    "size": 3,
                    "snapshot_id": "",
                    "type": "network-hdd"
                  }
                ],
                "mode": "READ_WRITE"
              }
            ],
            "created_at": "2025-02-05T18:29:06Z",
            "description": "",
            "filesystem": [],
            "folder_id": "b1gimkng7ujh1sldefn0",
            "fqdn": "fv4vjs9e6ke4o9flbjp4.auto.internal",
            "gpu_cluster_id": "",
            "hardware_generation": [
              {
                "generation2_features": [],
                "legacy_features": [
                  {
                    "pci_topology": "PCI_TOPOLOGY_V1"
                  }
                ]
              }
            ],
            "hostname": "",
            "id": "fv4vjs9e6ke4o9flbjp4",
            "labels": {},
            "local_disk": [],
            "maintenance_grace_period": "",
            "maintenance_policy": null,
            "metadata": {
              "user-data": "#cloud-config\nusers:\n  - name: user1\n    groups: sudo\n    shell: /bin/bash\n    sudo: 'ALL=(ALL) NOPASSWD:ALL'\n    ssh_authorized_keys:\n      - ssh-rsa AAAAB3NzaC1yc2EAAAADAQABAAACAQCJy5apv9mW7/w84j5hQw6DO1bs20PSPRqhRpL0HXVlF8ba3hAjH3FAA4WEuudMOC1EvXauWAYNPIdnEADzmltuvM7UCMvc/7eoI4BhrphUUfmcPXc4TUk+d2vee0qg3/OTq5X4MmaEvKMEcqPG2ynhaUauDu7khihyizkT4yKTOK/gdh1G2V+wQa+oANj4p/XhTe1wsz5LA+qpaorr6vCm1aMYBts4DTKxR4rSPsjkZ/xHgbygSEXv7LXFiKUZHDFs3zPrGIUojBm0p7793HfY5XglQ31b1sEhZcDscNqqYGGCMLDn6zet47VVoffJf//zOQcwX376zkWh7JBrPyIzKDIhcPcf+k7BCdPCoYaBACh0XPoEc2Y3D4dwnx0f/NA7AOU7L44W/hRWJgu9ZvLsV+TRsNQOcuT5MYZHRUQTfSlY+u9LtvxCf0VKtxaKMMPWCZqKM6mVEY/R5gqs60z4/TfzrwJ+qdup5coLpVIeBoCEgZkf9g2nfOo7wGCi59laSrKtBF3OLvEsNjxk8LDT68ZjsiEzI35AbnqTG7DAF5JIUPFXgVipTs0Q3OF06KQ0awEYyvnPlUZtNuw7cOKZBlxQrCBiS4VT5LuEY3Hyei+gftQNedGjD8VpsvE8HYyabLlfpezihEjTiHx+hncolcH5yH+xXtSh9SKwAfPkWw== utkanossina@yandex.ru\n\n"
            },
            "metadata_options": [
              {
                "aws_v1_http_endpoint": 1,
                "aws_v1_http_token": 2,
                "gce_http_endpoint": 1,
                "gce_http_token": 1
              }
            ],
            "name": "terraform1",
            "network_acceleration_type": "standard",
            "network_interface": [
              {
                "dns_record": [],
                "index": 0,
                "ip_address": "192.168.10.28",
                "ipv4": true,
                "ipv6": false,
                "ipv6_address": "",
                "ipv6_dns_record": [],
                "mac_address": "d0:0d:1f:9f:12:e3",
                "nat": true,
                "nat_dns_record": [],
                "nat_ip_address": "",
                "nat_ip_version": "IPV4",
                "security_group_ids": [],
                "subnet_id": "fl8f51s0md3li4fikg2v"
              }
            ],
            "placement_policy": [
              {
                "host_affinity_rules": [],
                "placement_group_id": "",
                "placement_group_partition": 0
              }
            ],
            "platform_id": "standard-v3",
            "resources": [
              {
                "core_fraction": 100,
                "cores": 2,
                "gpus": 0,
                "memory": 2
              }
            ],
            "scheduling_policy": [
              {
                "preemptible": false
              }
            ],
            "secondary_disk": [],
            "service_account_id": "",
            "status": "stopped",
            "timeouts": null,
            "zone": "ru-central1-d"
          },
          "sensitive_attributes": [],
          "private": "eyJlMmJmYjczMC1lY2FhLTExZTYtOGY4OC0zNDM2M2JjN2M0YzAiOnsiY3JlYXRlIjozMDAwMDAwMDAwMDAsImRlbGV0ZSI6MzAwMDAwMDAwMDAwLCJ1cGRhdGUiOjMwMDAwMDAwMDAwMH0sInNjaGVtYV92ZXJzaW9uIjoiMSJ9",
          "dependencies": [
            "yandex_vpc_network.network-1",
            "yandex_vpc_subnet.subnet-1"
          ]
        }
      ]
    },
    {
      "mode": "managed",
      "type": "yandex_compute_instance",
      "name": "terraform2",
      "provider": "provider[\"registry.terraform.io/yandex-cloud/yandex\"]",
      "instances": [
        {
          "schema_version": 1,
          "attributes": {
            "allow_recreate": null,
            "allow_stopping_for_update": null,
            "boot_disk": [
              {
                "auto_delete": true,
                "device_name": "fv4l8et621ulm5ljq2qv",
                "disk_id": "fv4l8et621ulm5ljq2qv",
                "initialize_params": [
                  {
                    "block_size": 4096,
                    "description": "",
                    "image_id": "fd800c7s2p483i648ifv",
                    "kms_key_id": "",
                    "name": "",
                    "size": 3,
                    "snapshot_id": "",
                    "type": "network-hdd"
                  }
                ],
                "mode": "READ_WRITE"
              }
            ],
            "created_at": "2025-02-05T18:29:06Z",
            "description": "",
            "filesystem": [],
            "folder_id": "b1gimkng7ujh1sldefn0",
            "fqdn": "fv4oelpsbvnun6ajqvta.auto.internal",
            "gpu_cluster_id": "",
            "hardware_generation": [
              {
                "generation2_features": [],
                "legacy_features": [
                  {
                    "pci_topology": "PCI_TOPOLOGY_V1"
                  }
                ]
              }
            ],
            "hostname": "",
            "id": "fv4oelpsbvnun6ajqvta",
            "labels": {},
            "local_disk": [],
            "maintenance_grace_period": "",
            "maintenance_policy": null,
            "metadata": {
              "user-data": "#cloud-config\nusers:\n  - name: user1\n    groups: sudo\n    shell: /bin/bash\n    sudo: 'ALL=(ALL) NOPASSWD:ALL'\n    ssh_authorized_keys:\n      - ssh-rsa AAAAB3NzaC1yc2EAAAADAQABAAACAQCJy5apv9mW7/w84j5hQw6DO1bs20PSPRqhRpL0HXVlF8ba3hAjH3FAA4WEuudMOC1EvXauWAYNPIdnEADzmltuvM7UCMvc/7eoI4BhrphUUfmcPXc4TUk+d2vee0qg3/OTq5X4MmaEvKMEcqPG2ynhaUauDu7khihyizkT4yKTOK/gdh1G2V+wQa+oANj4p/XhTe1wsz5LA+qpaorr6vCm1aMYBts4DTKxR4rSPsjkZ/xHgbygSEXv7LXFiKUZHDFs3zPrGIUojBm0p7793HfY5XglQ31b1sEhZcDscNqqYGGCMLDn6zet47VVoffJf//zOQcwX376zkWh7JBrPyIzKDIhcPcf+k7BCdPCoYaBACh0XPoEc2Y3D4dwnx0f/NA7AOU7L44W/hRWJgu9ZvLsV+TRsNQOcuT5MYZHRUQTfSlY+u9LtvxCf0VKtxaKMMPWCZqKM6mVEY/R5gqs60z4/TfzrwJ+qdup5coLpVIeBoCEgZkf9g2nfOo7wGCi59laSrKtBF3OLvEsNjxk8LDT68ZjsiEzI35AbnqTG7DAF5JIUPFXgVipTs0Q3OF06KQ0awEYyvnPlUZtNuw7cOKZBlxQrCBiS4VT5LuEY3Hyei+gftQNedGjD8VpsvE8HYyabLlfpezihEjTiHx+hncolcH5yH+xXtSh9SKwAfPkWw== utkanossina@yandex.ru\n\n"
            },
            "metadata_options": [
              {
                "aws_v1_http_endpoint": 1,
                "aws_v1_http_token": 2,
                "gce_http_endpoint": 1,
                "gce_http_token": 1
              }
            ],
            "name": "terraform2",
            "network_acceleration_type": "standard",
            "network_interface": [
              {
                "dns_record": [],
                "index": 0,
                "ip_address": "192.168.10.33",
                "ipv4": true,
                "ipv6": false,
                "ipv6_address": "",
                "ipv6_dns_record": [],
                "mac_address": "d0:0d:18:75:73:c5",
                "nat": true,
                "nat_dns_record": [],
                "nat_ip_address": "",
                "nat_ip_version": "IPV4",
                "security_group_ids": [],
                "subnet_id": "fl8f51s0md3li4fikg2v"
              }
            ],
            "placement_policy": [
              {
                "host_affinity_rules": [],
                "placement_group_id": "",
                "placement_group_partition": 0
              }
            ],
            "platform_id": "standard-v3",
            "resources": [
              {
                "core_fraction": 100,
                "cores": 4,
                "gpus": 0,
                "memory": 4
              }
            ],
            "scheduling_policy": [
              {
                "preemptible": false
              }
            ],
            "secondary_disk": [],
            "service_account_id": "",
            "status": "stopped",
            "timeouts": null,
            "zone": "ru-central1-d"
          },
          "sensitive_attributes": [],
          "private": "eyJlMmJmYjczMC1lY2FhLTExZTYtOGY4OC0zNDM2M2JjN2M0YzAiOnsiY3JlYXRlIjozMDAwMDAwMDAwMDAsImRlbGV0ZSI6MzAwMDAwMDAwMDAwLCJ1cGRhdGUiOjMwMDAwMDAwMDAwMH0sInNjaGVtYV92ZXJzaW9uIjoiMSJ9",
          "dependencies": [
            "yandex_vpc_network.network-1",
            "yandex_vpc_subnet.subnet-1"
          ]
        }
      ]
    },
    {
      "mode": "managed",
      "type": "yandex_vpc_network",
      "name": "network-1",
      "provider": "provider[\"registry.terraform.io/yandex-cloud/yandex\"]",
      "instances": [
        {
          "schema_version": 0,
          "attributes": {
            "created_at": "2025-02-05T18:18:50Z",
            "default_security_group_id": "enpv721222dfc7126qgi",
            "description": "",
            "folder_id": "b1gimkng7ujh1sldefn0",
            "id": "enp2u1vt61rmmno8mpji",
            "labels": {},
            "name": "network-1",
            "subnet_ids": [
              "fl8f51s0md3li4fikg2v"
            ],
            "timeouts": null
          },
          "sensitive_attributes": [],
          "private": "eyJlMmJmYjczMC1lY2FhLTExZTYtOGY4OC0zNDM2M2JjN2M0YzAiOnsiY3JlYXRlIjo2MDAwMDAwMDAwMCwiZGVsZXRlIjo2MDAwMDAwMDAwMCwidXBkYXRlIjo2MDAwMDAwMDAwMH19"
        }
      ]
    },
    {
      "mode": "managed",
      "type": "yandex_vpc_subnet",
      "name": "subnet-1",
      "provider": "provider[\"registry.terraform.io/yandex-cloud/yandex\"]",
      "instances": [
        {
          "schema_version": 0,
          "attributes": {
            "created_at": "2025-02-05T18:29:05Z",
            "description": "",
            "dhcp_options": [],
            "folder_id": "b1gimkng7ujh1sldefn0",
            "id": "fl8f51s0md3li4fikg2v",
            "labels": {},
            "name": "subnet-1",
            "network_id": "enp2u1vt61rmmno8mpji",
            "route_table_id": "",
            "timeouts": null,
            "v4_cidr_blocks": [
              "192.168.10.0/24"
            ],
            "v6_cidr_blocks": [],
            "zone": "ru-central1-d"
          },
          "sensitive_attributes": [],
          "private": "eyJlMmJmYjczMC1lY2FhLTExZTYtOGY4OC0zNDM2M2JjN2M0YzAiOnsiY3JlYXRlIjoxODAwMDAwMDAwMDAsImRlbGV0ZSI6MTgwMDAwMDAwMDAwLCJ1cGRhdGUiOjE4MDAwMDAwMDAwMH19",
          "dependencies": [
            "yandex_vpc_network.network-1"
          ]
        }
      ]
    }
  ],
  "check_results": null
}
