{
  "version": 4,
  "terraform_version": "1.10.5",
  "serial": 14,
  "lineage": "ffac1db4-f00c-b0db-a0b0-cca46cf60714",
  "outputs": {},
  "resources": [
    {
      "mode": "managed",
      "type": "github_repository",
      "name": "devops_labs",
      "provider": "provider[\"registry.terraform.io/hashicorp/github\"]",
      "instances": [
        {
          "schema_version": 1,
          "attributes": {
            "allow_auto_merge": false,
            "allow_merge_commit": true,
            "allow_rebase_merge": true,
            "allow_squash_merge": true,
            "allow_update_branch": false,
            "archive_on_destroy": null,
            "archived": false,
            "auto_init": null,
            "default_branch": "main",
            "delete_branch_on_merge": false,
            "description": "DevOps course labs solutions",
            "etag": "W/\"3789eb69dabe5e6870004dd7c78984fe857d04514408cdc0efbadf0ce7853b4c\"",
            "full_name": "devops-kira354/S25-core-course-labs",
            "git_clone_url": "git://github.com/devops-kira354/S25-core-course-labs.git",
            "gitignore_template": null,
            "has_discussions": false,
            "has_downloads": false,
            "has_issues": false,
            "has_projects": false,
            "has_wiki": false,
            "homepage_url": "",
            "html_url": "https://github.com/devops-kira354/S25-core-course-labs",
            "http_clone_url": "https://github.com/devops-kira354/S25-core-course-labs.git",
            "id": "S25-core-course-labs",
            "ignore_vulnerability_alerts_during_read": null,
            "is_template": false,
            "license_template": null,
            "merge_commit_message": "PR_TITLE",
            "merge_commit_title": "MERGE_MESSAGE",
            "name": "S25-core-course-labs",
            "node_id": "R_kgDON1P16g",
            "pages": [],
            "primary_language": "",
            "private": false,
            "repo_id": 928249322,
            "security_and_analysis": [
              {
                "advanced_security": [],
                "secret_scanning": [
                  {
                    "status": "disabled"
                  }
                ],
                "secret_scanning_push_protection": [
                  {
                    "status": "disabled"
                  }
                ]
              }
            ],
            "squash_merge_commit_message": "COMMIT_MESSAGES",
            "squash_merge_commit_title": "COMMIT_OR_PR_TITLE",
            "ssh_clone_url": "git@github.com:devops-kira354/S25-core-course-labs.git",
            "svn_url": "https://github.com/devops-kira354/S25-core-course-labs",
            "template": [],
            "topics": [],
            "visibility": "public",
            "vulnerability_alerts": false,
            "web_commit_signoff_required": false
          },
          "sensitive_attributes": [],
          "private": "eyJzY2hlbWFfdmVyc2lvbiI6IjEifQ=="
        }
      ]
    },
    {
      "mode": "managed",
      "type": "github_team",
      "name": "admin_team",
      "provider": "provider[\"registry.terraform.io/hashicorp/github\"]",
      "instances": [
        {
          "schema_version": 0,
          "attributes": {
            "create_default_maintainer": false,
            "description": "Team with admin access to the repo",
            "etag": "W/\"c5f9897e8c65752478ebb1124232c7169f0839f1ebe0178cc9937d681c926b1b\"",
            "id": "12127362",
            "ldap_dn": "",
            "members_count": 0,
            "name": "admin-team",
            "node_id": "T_kwDOC84AtM4AuQyC",
            "parent_team_id": "",
            "parent_team_read_id": "",
            "parent_team_read_slug": "",
            "privacy": "closed",
            "slug": "admin-team"
          },
          "sensitive_attributes": [],
          "private": "bnVsbA=="
        }
      ]
    },
    {
      "mode": "managed",
      "type": "github_team",
      "name": "read_team",
      "provider": "provider[\"registry.terraform.io/hashicorp/github\"]",
      "instances": [
        {
          "schema_version": 0,
          "attributes": {
            "create_default_maintainer": false,
            "description": "Team with read access to the repo",
            "etag": "W/\"0828ba7deac9d275b0a5e1013bcad71617b4647be6e2d924783b9e8ce2b6e411\"",
            "id": "12127361",
            "ldap_dn": "",
            "members_count": 0,
            "name": "read-team",
            "node_id": "T_kwDOC84AtM4AuQyB",
            "parent_team_id": "",
            "parent_team_read_id": "",
            "parent_team_read_slug": "",
            "privacy": "closed",
            "slug": "read-team"
          },
          "sensitive_attributes": [],
          "private": "bnVsbA=="
        }
      ]
    },
    {
      "mode": "managed",
      "type": "github_team",
      "name": "write_team",
      "provider": "provider[\"registry.terraform.io/hashicorp/github\"]",
      "instances": [
        {
          "schema_version": 0,
          "attributes": {
            "create_default_maintainer": false,
            "description": "Team with write access to the repo",
            "etag": "W/\"db72bfb5a459ceddd3b3e626f94b9bfe4dcef3269942f4aaf28a399806705d8a\"",
            "id": "12127360",
            "ldap_dn": "",
            "members_count": 0,
            "name": "write-team",
            "node_id": "T_kwDOC84AtM4AuQyA",
            "parent_team_id": "",
            "parent_team_read_id": "",
            "parent_team_read_slug": "",
            "privacy": "closed",
            "slug": "write-team"
          },
          "sensitive_attributes": [],
          "private": "bnVsbA=="
        }
      ]
    },
    {
      "mode": "managed",
      "type": "github_team_repository",
      "name": "admin_team_repo",
      "provider": "provider[\"registry.terraform.io/hashicorp/github\"]",
      "instances": [
        {
          "schema_version": 0,
          "attributes": {
            "etag": "W/\"6fc10d5e91e54ecd299285e6f6e41df478bf8ca0108af6c38ea4da3416f39e42\"",
            "id": "12127362:S25-core-course-labs",
            "permission": "admin",
            "repository": "S25-core-course-labs",
            "team_id": "12127362"
          },
          "sensitive_attributes": [],
          "private": "bnVsbA==",
          "dependencies": [
            "github_repository.devops_labs",
            "github_team.admin_team"
          ]
        }
      ]
    },
    {
      "mode": "managed",
      "type": "github_team_repository",
      "name": "read_team_repo",
      "provider": "provider[\"registry.terraform.io/hashicorp/github\"]",
      "instances": [
        {
          "schema_version": 0,
          "attributes": {
            "etag": "W/\"fad54c4afe38e58bb4ddbaec4624eb82d445609eb2b4a601856601e961f104ab\"",
            "id": "12127361:S25-core-course-labs",
            "permission": "pull",
            "repository": "S25-core-course-labs",
            "team_id": "12127361"
          },
          "sensitive_attributes": [],
          "private": "bnVsbA==",
          "dependencies": [
            "github_repository.devops_labs",
            "github_team.read_team"
          ]
        }
      ]
    },
    {
      "mode": "managed",
      "type": "github_team_repository",
      "name": "write_team_repo",
      "provider": "provider[\"registry.terraform.io/hashicorp/github\"]",
      "instances": [
        {
          "schema_version": 0,
          "attributes": {
            "etag": "W/\"b4f331bc9a7afd6d1b47d624bba898490aad78bc40525b533e2a16dfcd2c47db\"",
            "id": "12127360:S25-core-course-labs",
            "permission": "push",
            "repository": "S25-core-course-labs",
            "team_id": "12127360"
          },
          "sensitive_attributes": [],
          "private": "bnVsbA==",
          "dependencies": [
            "github_repository.devops_labs",
            "github_team.write_team"
          ]
        }
      ]
    }
  ],
  "check_results": null
}
