{
  "version": 4,
  "terraform_version": "1.10.5",
  "serial": 16,
  "lineage": "bdc3faba-1983-49ef-b727-cc2053b1c5d3",
  "_backup_created": "2025-04-29T14:25:00Z",
  "outputs": {
    "container_id": {
      "value": "2a6d3c89f4e94f62bced7ab3774b9050f1f5a9c43c83e3d1b7bfa3b6c5f8a1e1",
      "type": "string"
    },
    "image_id": {
      "value": "sha256:d53a7a6e2ff8b5a4236f2938bcf2e7164582be0d9cf734c64e7a2e1b73e5da98nginx:latest",
      "type": "string"
    }
  },
  "resources": [
    {
      "mode": "managed",
      "type": "docker_container",
      "name": "nginx",
      "provider": "provider[\"registry.terraform.io/kreuzwerker/docker\"]",
      "instances": [
        {
          "schema_version": 2,
          "attributes": {
            "attach": false,
            "bridge": "",
            "capabilities": [],
            "cgroupns_mode": null,
            "command": [
              "nginx",
              "-g",
              "daemon off;"
            ],
            "container_logs": null,
            "container_read_refresh_timeout_milliseconds": 15000,
            "cpu_set": "",
            "cpu_shares": 0,
            "destroy_grace_seconds": null,
            "devices": [],
            "dns": null,
            "dns_opts": null,
            "dns_search": null,
            "domainname": "",
            "entrypoint": [
              "/docker-entrypoint.sh"
            ],
            "env": [],
            "exit_code": null,
            "gpus": null,
            "group_add": null,
            "healthcheck": null,
            "host": [],
            "hostname": "2a6d3c89f4e9",
            "id": "2a6d3c89f4e94f62bced7ab3774b9050f1f5a9c43c83e3d1b7bfa3b6c5f8a1e1",
            "image": "sha256:d53a7a6e2ff8b5a4236f2938bcf2e7164582be0d9cf734c64e7a2e1b73e5da98",
            "init": false,
            "ipc_mode": "private",
            "labels": [],
            "log_driver": "json-file",
            "log_opts": null,
            "logs": false,
            "max_retry_count": 0,
            "memory": 0,
            "memory_swap": 0,
            "mounts": [],
            "must_run": true,
            "name": "tutorial",
            "network_data": [
              {
                "gateway": "172.30.12.1",
                "global_ipv6_address": "",
                "global_ipv6_prefix_length": 0,
                "ip_address": "172.30.12.24",
                "ip_prefix_length": 16,
                "ipv6_gateway": "",
                "mac_address": "02:42:ac:1e:0c:18",
                "network_name": "bridge"
              }
            ],
            "network_mode": "bridge",
            "networks_advanced": [],
            "pid_mode": "",
            "ports": [
              {
                "external": 8080,
                "internal": 80,
                "ip": "0.0.0.0",
                "protocol": "tcp"
              }
            ],
            "privileged": false,
            "publish_all_ports": false,
            "read_only": false,
            "remove_volumes": true,
            "restart": "no",
            "rm": false,
            "runtime": "runc",
            "security_opts": [],
            "shm_size": 64,
            "start": true,
            "stdin_open": false,
            "stop_signal": "SIGQUIT",
            "stop_timeout": 0,
            "storage_opts": null,
            "sysctls": null,
            "tmpfs": null,
            "tty": false,
            "ulimit": [],
            "upload": [],
            "user": "",
            "userns_mode": "",
            "volumes": [],
            "wait": false,
            "wait_timeout": 60,
            "working_dir": ""
          },
          "sensitive_attributes": [],
          "private": "eyJ2ZXJzaW9uIjo1LCJ0cmFjZSI6ImJhY2t1cCJ9",
          "dependencies": [
            "docker_image.nginx"
          ]
        }
      ]
    },
    {
      "mode": "managed",
      "type": "docker_image",
      "name": "nginx",
      "provider": "provider[\"registry.terraform.io/kreuzwerker/docker\"]",
      "instances": [
        {
          "schema_version": 0,
          "attributes": {
            "build": [],
            "force_remove": null,
            "id": "sha256:d53a7a6e2ff8b5a4236f2938bcf2e7164582be0d9cf734c64e7a2e1b73e5da98nginx:latest",
            "image_id": "sha256:d53a7a6e2ff8b5a4236f2938bcf2e7164582be0d9cf734c64e7a2e1b73e5da98",
            "keep_locally": false,
            "name": "nginx:latest",
            "platform": null,
            "pull_triggers": null,
            "repo_digest": "nginx@sha256:a5e2f3dc99f0bdc5ae41ac22de83c7cfd76567a1a3b6e0de3b02715aa9c0f377",
            "triggers": null
          },
          "sensitive_attributes": [],
          "private": "ZXhwaWNpdF9pbWFnZQ=="
        }
      ]
    }
  ],
  "check_results": null
}
