{
  "version": 4,
  "terraform_version": "1.10.5",
  "serial": 4,
  "lineage": "cc1cb990-3d69-57bd-4090-e642fceb63e7",
  "outputs": {},
  "resources": [
    {
      "mode": "managed",
      "type": "yandex_compute_instance",
      "name": "vm_instance",
      "provider": "provider[\"registry.terraform.io/yandex-cloud/yandex\"]",
      "instances": [
        {
          "schema_version": 1,
          "attributes": {
            "allow_recreate": null,
            "allow_stopping_for_update": null,
            "boot_disk": [
              {
                "auto_delete": true,
                "device_name": "fhmtl0dhb9c6su4rn55d",
                "disk_id": "fhmtl0dhb9c6su4rn55d",
                "initialize_params": [
                  {
                    "block_size": 4096,
                    "description": "",
                    "image_id": "fd87b75j9rhq6keh2e55",
                    "kms_key_id": "",
                    "name": "",
                    "size": 2,
                    "snapshot_id": "",
                    "type": "network-hdd"
                  }
                ],
                "mode": "READ_WRITE"
              }
            ],
            "created_at": "2025-02-09T15:28:43Z",
            "description": "",
            "filesystem": [],
            "folder_id": "b1g2oh1vphu4l3aovvg9",
            "fqdn": "fhmr1ko74vucplufdevf.auto.internal",
            "gpu_cluster_id": "",
            "hardware_generation": [
              {
                "generation2_features": [],
                "legacy_features": [
                  {
                    "pci_topology": "PCI_TOPOLOGY_V1"
                  }
                ]
              }
            ],
            "hostname": "",
            "id": "fhmr1ko74vucplufdevf",
            "labels": null,
            "local_disk": [],
            "maintenance_grace_period": "",
            "maintenance_policy": null,
            "metadata": {
              "ssh-keys": "ubuntu:ssh-rsa AAAAB3NzaC1yc2EAAAADAQABAAACAQCqjk5haS8A92mlAJf+bQuMYSeF3ewhtYNjGWg7nohu9zCv2d6JPgnU0QXvTRjhUOonZA40gAc2PlIEPMPr6Di24l93Yxy1cupfSjVBGV5JSZQhaxlWq+dSHTZRtRaJH0rn/VxgsyKRgd1yQmJPGjP2Lx13By4cup8uKQBOqBIXLcJfI6XVwgekQsFV95NezgaWmDUemqdztd6cCd9degPu2vGi+nLqq2T8m0jZcK+9BbAQqxlkfnpKMSZxRffIMD+UnZ/Wcp8tVG8aHByp3yNcQfs/MyLitHaQGFi/RZ7QF5MxpCsURMFfSzOUTv9l9sKimY+OWVujfzSTp46iCd8D+9kaZsB1csJH9whUthqN5XhxswpYruOzJkSRuNdM/eGc46yacHkbh1eZz3ATSEgFKKGnh7JQLI7lg43QY3vPiRg2e63VJZhy4ZS3N9iGWw3UyiDFGEnsczWRCt7c9ko11fzO0bPJ2y8DRJwuN/cyceU2dpUYMMG+gpN07ipNxhMEI+zt+7qf6zpptenMFeC0re7UxpIgwPKRf8HwYLOPaACLiL45QyXIOLSQ+gCPyZvXtmCM76FRAJXQfjUnhlMmPzzRPTJgD19wO5FxveHMvE2wD9tBt8NviUXR5DvuMOJJXatdzQ1EQVxTn7OuJ3odrqqVXzb2sopDCymggzoklw== meowal@meowal-1-2\n"
            },
            "metadata_options": [
              {
                "aws_v1_http_endpoint": 1,
                "aws_v1_http_token": 2,
                "gce_http_endpoint": 1,
                "gce_http_token": 1
              }
            ],
            "name": "ayanami",
            "network_acceleration_type": "standard",
            "network_interface": [
              {
                "dns_record": [],
                "index": 0,
                "ip_address": "10.0.0.29",
                "ipv4": true,
                "ipv6": false,
                "ipv6_address": "",
                "ipv6_dns_record": [],
                "mac_address": "d0:0d:1b:0d:30:72",
                "nat": true,
                "nat_dns_record": [],
                "nat_ip_address": "51.250.4.35",
                "nat_ip_version": "IPV4",
                "security_group_ids": [],
                "subnet_id": "e9b7p2re608vjp6h0h49"
              }
            ],
            "placement_policy": [
              {
                "host_affinity_rules": [],
                "placement_group_id": "",
                "placement_group_partition": 0
              }
            ],
            "platform_id": "standard-v1",
            "resources": [
              {
                "core_fraction": 100,
                "cores": 2,
                "gpus": 0,
                "memory": 2
              }
            ],
            "scheduling_policy": [
              {
                "preemptible": false
              }
            ],
            "secondary_disk": [],
            "service_account_id": "",
            "status": "running",
            "timeouts": null,
            "zone": "ru-central1-a"
          },
          "sensitive_attributes": [],
          "private": "eyJlMmJmYjczMC1lY2FhLTExZTYtOGY4OC0zNDM2M2JjN2M0YzAiOnsiY3JlYXRlIjozMDAwMDAwMDAwMDAsImRlbGV0ZSI6MzAwMDAwMDAwMDAwLCJ1cGRhdGUiOjMwMDAwMDAwMDAwMH0sInNjaGVtYV92ZXJzaW9uIjoiMSJ9",
          "dependencies": [
            "yandex_vpc_network.network-1",
            "yandex_vpc_subnet.default"
          ]
        }
      ]
    },
    {
      "mode": "managed",
      "type": "yandex_vpc_network",
      "name": "network-1",
      "provider": "provider[\"registry.terraform.io/yandex-cloud/yandex\"]",
      "instances": [
        {
          "schema_version": 0,
          "attributes": {
            "created_at": "2025-02-09T15:28:37Z",
            "default_security_group_id": "enp6rqp196ir5bfg544a",
            "description": "",
            "folder_id": "b1g2oh1vphu4l3aovvg9",
            "id": "enpqkgq59fijlve1ronq",
            "labels": {},
            "name": "network-1",
            "subnet_ids": [],
            "timeouts": null
          },
          "sensitive_attributes": [],
          "private": "eyJlMmJmYjczMC1lY2FhLTExZTYtOGY4OC0zNDM2M2JjN2M0YzAiOnsiY3JlYXRlIjo2MDAwMDAwMDAwMCwiZGVsZXRlIjo2MDAwMDAwMDAwMCwidXBkYXRlIjo2MDAwMDAwMDAwMH19"
        }
      ]
    },
    {
      "mode": "managed",
      "type": "yandex_vpc_subnet",
      "name": "default",
      "provider": "provider[\"registry.terraform.io/yandex-cloud/yandex\"]",
      "instances": [
        {
          "schema_version": 0,
          "attributes": {
            "created_at": "2025-02-09T15:28:40Z",
            "description": "",
            "dhcp_options": [],
            "folder_id": "b1g2oh1vphu4l3aovvg9",
            "id": "e9b7p2re608vjp6h0h49",
            "labels": {},
            "name": "default-subnet",
            "network_id": "enpqkgq59fijlve1ronq",
            "route_table_id": "",
            "timeouts": null,
            "v4_cidr_blocks": [
              "10.0.0.0/16"
            ],
            "v6_cidr_blocks": [],
            "zone": "ru-central1-a"
          },
          "sensitive_attributes": [],
          "private": "eyJlMmJmYjczMC1lY2FhLTExZTYtOGY4OC0zNDM2M2JjN2M0YzAiOnsiY3JlYXRlIjoxODAwMDAwMDAwMDAsImRlbGV0ZSI6MTgwMDAwMDAwMDAwLCJ1cGRhdGUiOjE4MDAwMDAwMDAwMH19",
          "dependencies": [
            "yandex_vpc_network.network-1"
          ]
        }
      ]
    }
  ],
  "check_results": null
}
