{
  "version": 4,
  "terraform_version": "1.10.5",
  "serial": 7,
  "lineage": "bfd17144-228f-ba7e-c07a-0f69a1103d04",
  "outputs": {
    "repository_url": {
      "value": "https://github.com/Sedoxxx/S25-core-course-labs",
      "type": "string"
    }
  },
  "resources": [
    {
      "mode": "managed",
      "type": "github_branch_default",
      "name": "master",
      "provider": "provider[\"registry.terraform.io/integrations/github\"]",
      "instances": [
        {
          "schema_version": 0,
          "attributes": {
            "branch": "master",
            "etag": "W/\"1adbaac45491af436016fc7a881e26cd08ea7891b4128041acacc5eb58906704\"",
            "id": "S25-core-course-labs",
            "rename": false,
            "repository": "S25-core-course-labs"
          },
          "sensitive_attributes": [],
          "private": "bnVsbA==",
          "dependencies": [
            "github_repository.core_course_labs"
          ]
        }
      ]
    },
    {
      "mode": "managed",
      "type": "github_branch_protection",
      "name": "default",
      "provider": "provider[\"registry.terraform.io/integrations/github\"]",
      "instances": [
        {
          "schema_version": 1,
          "attributes": {
            "allows_deletions": false,
            "allows_force_pushes": false,
            "blocks_creations": false,
            "enforce_admins": true,
            "force_push_bypassers": null,
            "id": "BPR_kwDONyA80s4DivqB",
            "lock_branch": false,
            "pattern": "master",
            "push_restrictions": null,
            "repository_id": "R_kgDONyA80g",
            "require_conversation_resolution": false,
            "require_signed_commits": false,
            "required_linear_history": false,
            "required_pull_request_reviews": [
              {
                "dismiss_stale_reviews": false,
                "dismissal_restrictions": null,
                "pull_request_bypassers": null,
                "require_code_owner_reviews": false,
                "require_last_push_approval": false,
                "required_approving_review_count": 1,
                "restrict_dismissals": false
              }
            ],
            "required_status_checks": [
              {
                "contexts": null,
                "strict": true
              }
            ]
          },
          "sensitive_attributes": [],
          "private": "eyJzY2hlbWFfdmVyc2lvbiI6IjEifQ==",
          "dependencies": [
            "github_branch_default.master",
            "github_repository.core_course_labs"
          ]
        }
      ]
    },
    {
      "mode": "managed",
      "type": "github_repository",
      "name": "core_course_labs",
      "provider": "provider[\"registry.terraform.io/integrations/github\"]",
      "instances": [
        {
          "schema_version": 1,
          "attributes": {
            "allow_auto_merge": false,
            "allow_merge_commit": true,
            "allow_rebase_merge": true,
            "allow_squash_merge": true,
            "allow_update_branch": false,
            "archive_on_destroy": null,
            "archived": false,
            "auto_init": false,
            "default_branch": "master",
            "delete_branch_on_merge": false,
            "description": "Repository for core DevOps course labs",
            "etag": "W/\"1adbaac45491af436016fc7a881e26cd08ea7891b4128041acacc5eb58906704\"",
            "full_name": "Sedoxxx/S25-core-course-labs",
            "git_clone_url": "git://github.com/Sedoxxx/S25-core-course-labs.git",
            "gitignore_template": null,
            "has_discussions": false,
            "has_downloads": true,
            "has_issues": true,
            "has_projects": true,
            "has_wiki": true,
            "homepage_url": "",
            "html_url": "https://github.com/Sedoxxx/S25-core-course-labs",
            "http_clone_url": "https://github.com/Sedoxxx/S25-core-course-labs.git",
            "id": "S25-core-course-labs",
            "ignore_vulnerability_alerts_during_read": null,
            "is_template": false,
            "license_template": null,
            "merge_commit_message": "PR_TITLE",
            "merge_commit_title": "MERGE_MESSAGE",
            "name": "S25-core-course-labs",
            "node_id": "R_kgDONyA80g",
            "pages": [],
            "primary_language": "",
            "private": false,
            "repo_id": 924859602,
            "security_and_analysis": [
              {
                "advanced_security": [],
                "secret_scanning": [
                  {
                    "status": "enabled"
                  }
                ],
                "secret_scanning_push_protection": [
                  {
                    "status": "enabled"
                  }
                ]
              }
            ],
            "squash_merge_commit_message": "COMMIT_MESSAGES",
            "squash_merge_commit_title": "COMMIT_OR_PR_TITLE",
            "ssh_clone_url": "git@github.com:Sedoxxx/S25-core-course-labs.git",
            "svn_url": "https://github.com/Sedoxxx/S25-core-course-labs",
            "template": [],
            "topics": [],
            "visibility": "public",
            "vulnerability_alerts": false,
            "web_commit_signoff_required": false
          },
          "sensitive_attributes": [],
          "private": "eyJzY2hlbWFfdmVyc2lvbiI6IjEifQ=="
        }
      ]
    }
  ],
  "check_results": null
}
