{
  "version": 4,
  "terraform_version": "1.10.5",
  "serial": 4,
  "lineage": "3de10017-ef52-d49f-932b-9e63628e110e",
  "outputs": {
    "repository_url": {
      "value": "https://github.com/Damncaf-goin-crazy/S25-core-course-labs",
      "type": "string"
    },
    "ssh_clone_url": {
      "value": "git@github.com:Damncaf-goin-crazy/S25-core-course-labs.git",
      "type": "string"
    }
  },
  "resources": [
    {
      "mode": "managed",
      "type": "github_branch_protection",
      "name": "default_branch",
      "provider": "provider[\"registry.terraform.io/hashicorp/github\"]",
      "instances": [
        {
          "schema_version": 2,
          "attributes": {
            "allows_deletions": false,
            "allows_force_pushes": false,
            "enforce_admins": true,
            "force_push_bypassers": null,
            "id": "BPR_kwDONxz_lc4Dilwj",
            "lock_branch": false,
            "pattern": "master",
            "repository_id": "R_kgDONxz_lQ",
            "require_conversation_resolution": false,
            "require_signed_commits": false,
            "required_linear_history": false,
            "required_pull_request_reviews": [
              {
                "dismiss_stale_reviews": true,
                "dismissal_restrictions": null,
                "pull_request_bypassers": null,
                "require_code_owner_reviews": false,
                "require_last_push_approval": false,
                "required_approving_review_count": 1,
                "restrict_dismissals": false
              }
            ],
            "required_status_checks": [
              {
                "contexts": [
                  "ci/build",
                  "ci/test"
                ],
                "strict": true
              }
            ],
            "restrict_pushes": []
          },
          "sensitive_attributes": [],
          "private": "eyJzY2hlbWFfdmVyc2lvbiI6IjIifQ==",
          "dependencies": [
            "github_repository.s25_core_course_labs"
          ]
        }
      ]
    },
    {
      "mode": "managed",
      "type": "github_repository",
      "name": "s25_core_course_labs",
      "provider": "provider[\"registry.terraform.io/hashicorp/github\"]",
      "instances": [
        {
          "schema_version": 1,
          "attributes": {
            "allow_auto_merge": false,
            "allow_merge_commit": true,
            "allow_rebase_merge": true,
            "allow_squash_merge": true,
            "allow_update_branch": false,
            "archive_on_destroy": null,
            "archived": false,
            "auto_init": true,
            "default_branch": "master",
            "delete_branch_on_merge": false,
            "description": "Repository for Terraform Lab",
            "etag": "W/\"7e58f097f8ac23c1de365e0617c7b96277b0f481390d3c02cd96a4afbb94875b\"",
            "full_name": "Damncaf-goin-crazy/S25-core-course-labs",
            "git_clone_url": "git://github.com/Damncaf-goin-crazy/S25-core-course-labs.git",
            "gitignore_template": null,
            "has_discussions": false,
            "has_downloads": false,
            "has_issues": true,
            "has_projects": true,
            "has_wiki": false,
            "homepage_url": "",
            "html_url": "https://github.com/Damncaf-goin-crazy/S25-core-course-labs",
            "http_clone_url": "https://github.com/Damncaf-goin-crazy/S25-core-course-labs.git",
            "id": "S25-core-course-labs",
            "ignore_vulnerability_alerts_during_read": null,
            "is_template": false,
            "license_template": null,
            "merge_commit_message": "PR_TITLE",
            "merge_commit_title": "MERGE_MESSAGE",
            "name": "S25-core-course-labs",
            "node_id": "R_kgDONxz_lQ",
            "pages": [],
            "primary_language": "",
            "private": false,
            "repo_id": 924647317,
            "security_and_analysis": [
              {
                "advanced_security": [],
                "secret_scanning": [
                  {
                    "status": "enabled"
                  }
                ],
                "secret_scanning_push_protection": [
                  {
                    "status": "enabled"
                  }
                ]
              }
            ],
            "squash_merge_commit_message": "COMMIT_MESSAGES",
            "squash_merge_commit_title": "COMMIT_OR_PR_TITLE",
            "ssh_clone_url": "git@github.com:Damncaf-goin-crazy/S25-core-course-labs.git",
            "svn_url": "https://github.com/Damncaf-goin-crazy/S25-core-course-labs",
            "template": [],
            "topics": [],
            "visibility": "public",
            "vulnerability_alerts": true,
            "web_commit_signoff_required": false
          },
          "sensitive_attributes": [],
          "private": "eyJzY2hlbWFfdmVyc2lvbiI6IjEifQ=="
        }
      ]
    }
  ],
  "check_results": null
}
