{
  "version": 4,
  "terraform_version": "1.10.5",
  "serial": 6,
  "lineage": "51b4d59c-f4e7-4aea-c999-24a030d9ba6d",
  "outputs": {},
  "resources": [
    {
      "mode": "managed",
      "type": "github_repository",
      "name": "new_repo",
      "provider": "provider[\"registry.terraform.io/integrations/github\"]",
      "instances": [
        {
          "schema_version": 0,
          "attributes": {
            "allow_auto_merge": false,
            "allow_merge_commit": true,
            "allow_rebase_merge": true,
            "allow_squash_merge": true,
            "archive_on_destroy": null,
            "archived": false,
            "auto_init": true,
            "branches": [
              {
                "name": "main",
                "protected": false
              },
              {
                "name": "pipes_and_filters",
                "protected": false
              }
            ],
            "default_branch": "main",
            "delete_branch_on_merge": false,
            "description": "Soft arch",
            "etag": "W/\"135a30b7d0ddbbfc1d5e97623d19ad4700e62550ab93bc880fb80028e12ef484\"",
            "full_name": "JulyMartynova/SoftArch9",
            "git_clone_url": "git://github.com/JulyMartynova/SoftArch9.git",
            "gitignore_template": "VisualStudio",
            "has_downloads": false,
            "has_issues": true,
            "has_projects": false,
            "has_wiki": true,
            "homepage_url": "",
            "html_url": "https://github.com/JulyMartynova/SoftArch9",
            "http_clone_url": "https://github.com/JulyMartynova/SoftArch9.git",
            "id": "SoftArch9",
            "ignore_vulnerability_alerts_during_read": null,
            "is_template": false,
            "license_template": "apache",
            "merge_commit_message": "PR_TITLE",
            "merge_commit_title": "MERGE_MESSAGE",
            "name": "SoftArch9",
            "node_id": "R_kgDONYFZxg",
            "pages": [],
            "private": false,
            "repo_id": 897669574,
            "squash_merge_commit_message": "COMMIT_MESSAGES",
            "squash_merge_commit_title": "COMMIT_OR_PR_TITLE",
            "ssh_clone_url": "git@github.com:JulyMartynova/SoftArch9.git",
            "svn_url": "https://github.com/JulyMartynova/SoftArch9",
            "template": [],
            "topics": [],
            "visibility": "public",
            "vulnerability_alerts": false
          },
          "sensitive_attributes": [],
          "private": "bnVsbA=="
        }
      ]
    }
  ],
  "check_results": null
}
