{
  "version": 4,
  "terraform_version": "1.10.5",
  "serial": 4,
  "lineage": "ef72f89e-253e-ea21-baab-a10260f47266",
  "outputs": {},
  "resources": [
    {
      "mode": "managed",
      "type": "github_repository",
      "name": "repo",
      "provider": "provider[\"registry.terraform.io/integrations/github\"]",
      "instances": [
        {
          "schema_version": 0,
          "attributes": {
            "allow_auto_merge": false,
            "allow_merge_commit": true,
            "allow_rebase_merge": true,
            "allow_squash_merge": true,
            "archive_on_destroy": null,
            "archived": false,
            "auto_init": true,
            "branches": [
              {
                "name": "lab1-solution",
                "protected": false
              },
              {
                "name": "lab2-solution",
                "protected": false
              },
              {
                "name": "lab3-solution",
                "protected": false
              },
              {
                "name": "master",
                "protected": false
              }
            ],
            "default_branch": "master",
            "delete_branch_on_merge": false,
            "description": "Smth with terraform",
            "etag": "W/\"73cf75b4f3deca15e1d81065039e8eee3a843e421f38a78cc63bc76c2a748ea1\"",
            "full_name": "Petrel321/S25-core-course-labs",
            "git_clone_url": "git://github.com/Petrel321/S25-core-course-labs.git",
            "gitignore_template": "VisualStudio",
            "has_downloads": false,
            "has_issues": true,
            "has_projects": false,
            "has_wiki": true,
            "homepage_url": "",
            "html_url": "https://github.com/Petrel321/S25-core-course-labs",
            "http_clone_url": "https://github.com/Petrel321/S25-core-course-labs.git",
            "id": "S25-core-course-labs",
            "ignore_vulnerability_alerts_during_read": null,
            "is_template": false,
            "license_template": "mit",
            "merge_commit_message": "PR_TITLE",
            "merge_commit_title": "MERGE_MESSAGE",
            "name": "S25-core-course-labs",
            "node_id": "R_kgDONxdSsw",
            "pages": [],
            "private": false,
            "repo_id": 924275379,
            "squash_merge_commit_message": "COMMIT_MESSAGES",
            "squash_merge_commit_title": "COMMIT_OR_PR_TITLE",
            "ssh_clone_url": "git@github.com:Petrel321/S25-core-course-labs.git",
            "svn_url": "https://github.com/Petrel321/S25-core-course-labs",
            "template": [],
            "topics": [],
            "visibility": "public",
            "vulnerability_alerts": false
          },
          "sensitive_attributes": [],
          "private": "bnVsbA=="
        }
      ]
    }
  ],
  "check_results": null
}
