{
  "version": 4,
  "terraform_version": "1.10.5",
  "serial": 7,
  "lineage": "7b7d77ac-81fb-d98b-2673-8d6db4d7c993",
  "outputs": {
    "repository_id": {
      "value": "R_kgDONwOCaQ",
      "type": "string"
    },
    "repository_name": {
      "value": "terraform-managed-repo",
      "type": "string"
    },
    "repository_url": {
      "value": "https://github.com/DoryShibkova/S25-core-course-labs",
      "type": "string"
    }
  },
  "resources": [
    {
      "mode": "managed",
      "type": "github_branch_protection",
      "name": "main_branch",
      "provider": "provider[\"registry.terraform.io/integrations/github\"]",
      "instances": []
    },
    {
      "mode": "managed",
      "type": "github_repository",
      "name": "my_repo",
      "provider": "provider[\"registry.terraform.io/integrations/github\"]",
      "instances": [
        {
          "schema_version": 1,
          "attributes": {
            "allow_auto_merge": false,
            "allow_merge_commit": true,
            "allow_rebase_merge": true,
            "allow_squash_merge": true,
            "allow_update_branch": false,
            "archive_on_destroy": null,
            "archived": false,
            "auto_init": true,
            "default_branch": "master",
            "delete_branch_on_merge": false,
            "description": "Repository managed via Terraform",
            "etag": "W/\"c32fad0e96f6c478ac7e64c9c670752579ab60abe9c5316b4cf1463537804687\"",
            "full_name": "DoryShibkova/S25-core-course-labs",
            "git_clone_url": "git://github.com/DoryShibkova/S25-core-course-labs.git",
            "gitignore_template": null,
            "has_discussions": false,
            "has_downloads": false,
            "has_issues": false,
            "has_projects": false,
            "has_wiki": false,
            "homepage_url": "",
            "html_url": "https://github.com/DoryShibkova/S25-core-course-labs",
            "http_clone_url": "https://github.com/DoryShibkova/S25-core-course-labs.git",
            "id": "S25-core-course-labs",
            "ignore_vulnerability_alerts_during_read": null,
            "is_template": false,
            "license_template": null,
            "merge_commit_message": "PR_TITLE",
            "merge_commit_title": "MERGE_MESSAGE",
            "name": "terraform-managed-repo",
            "node_id": "R_kgDONwOCaQ",
            "pages": [],
            "primary_language": "",
            "private": false,
            "repo_id": 922976873,
            "security_and_analysis": [
              {
                "advanced_security": [],
                "secret_scanning": [
                  {
                    "status": "enabled"
                  }
                ],
                "secret_scanning_push_protection": [
                  {
                    "status": "enabled"
                  }
                ]
              }
            ],
            "squash_merge_commit_message": "COMMIT_MESSAGES",
            "squash_merge_commit_title": "COMMIT_OR_PR_TITLE",
            "ssh_clone_url": "git@github.com:DoryShibkova/S25-core-course-labs.git",
            "svn_url": "https://github.com/DoryShibkova/S25-core-course-labs",
            "template": [],
            "topics": [],
            "visibility": "private",
            "vulnerability_alerts": false,
            "web_commit_signoff_required": false
          },
          "sensitive_attributes": [],
          "private": "eyJzY2hlbWFfdmVyc2lvbiI6IjEifQ=="
        }
      ]
    }
  ],
  "check_results": null
}
