{
  "version": 4,
  "terraform_version": "1.10.5",
  "serial": 23,
  "lineage": "8734ae4e-7dc6-7bf8-4c4b-3b062006a210",
  "outputs": {
    "container_id": {
      "value": "060a638a8e11aea7ef1de4a407acac32b6508a84d3f4a6d914425d63e9670941",
      "type": "string"
    },
    "image_id": {
      "value": "sha256:e851ea3a6b34e7d73ac264a89c9af05f4137eee22ae7521b2641804d9e22c627mirgasimovk/python-msk:latest",
      "type": "string"
    }
  },
  "resources": [
    {
      "mode": "managed",
      "type": "docker_container",
      "name": "app",
      "provider": "provider[\"registry.terraform.io/kreuzwerker/docker\"]",
      "instances": [
        {
          "schema_version": 2,
          "attributes": {
            "attach": false,
            "bridge": "",
            "capabilities": [],
            "cgroupns_mode": null,
            "command": [
              "main.py"
            ],
            "container_logs": null,
            "container_read_refresh_timeout_milliseconds": 15000,
            "cpu_set": "",
            "cpu_shares": 0,
            "destroy_grace_seconds": null,
            "devices": [],
            "dns": null,
            "dns_opts": null,
            "dns_search": null,
            "domainname": "",
            "entrypoint": [
              "python"
            ],
            "env": [],
            "exit_code": null,
            "gpus": null,
            "group_add": null,
            "healthcheck": null,
            "host": [],
            "hostname": "060a638a8e11",
            "id": "060a638a8e11aea7ef1de4a407acac32b6508a84d3f4a6d914425d63e9670941",
            "image": "sha256:e851ea3a6b34e7d73ac264a89c9af05f4137eee22ae7521b2641804d9e22c627",
            "init": false,
            "ipc_mode": "private",
            "labels": [],
            "log_driver": "json-file",
            "log_opts": null,
            "logs": false,
            "max_retry_count": 0,
            "memory": 0,
            "memory_swap": 0,
            "mounts": [],
            "must_run": true,
            "name": "PythonMSKFlask_Application",
            "network_data": [
              {
                "gateway": "172.17.0.1",
                "global_ipv6_address": "",
                "global_ipv6_prefix_length": 0,
                "ip_address": "172.17.0.2",
                "ip_prefix_length": 16,
                "ipv6_gateway": "",
                "mac_address": "02:42:ac:11:00:02",
                "network_name": "bridge"
              }
            ],
            "network_mode": "bridge",
            "networks_advanced": [],
            "pid_mode": "",
            "ports": [
              {
                "external": 8000,
                "internal": 80,
                "ip": "0.0.0.0",
                "protocol": "tcp"
              }
            ],
            "privileged": false,
            "publish_all_ports": false,
            "read_only": false,
            "remove_volumes": true,
            "restart": "no",
            "rm": false,
            "runtime": "runc",
            "security_opts": [],
            "shm_size": 64,
            "start": true,
            "stdin_open": false,
            "stop_signal": "",
            "stop_timeout": 0,
            "storage_opts": null,
            "sysctls": null,
            "tmpfs": null,
            "tty": false,
            "ulimit": [],
            "upload": [],
            "user": "docker-user",
            "userns_mode": "",
            "volumes": [],
            "wait": false,
            "wait_timeout": 60,
            "working_dir": "/app"
          },
          "sensitive_attributes": [],
          "private": "eyJzY2hlbWFfdmVyc2lvbiI6IjIifQ==",
          "dependencies": [
            "docker_image.app"
          ]
        }
      ]
    },
    {
      "mode": "managed",
      "type": "docker_image",
      "name": "app",
      "provider": "provider[\"registry.terraform.io/kreuzwerker/docker\"]",
      "instances": [
        {
          "schema_version": 0,
          "attributes": {
            "build": [],
            "force_remove": null,
            "id": "sha256:e851ea3a6b34e7d73ac264a89c9af05f4137eee22ae7521b2641804d9e22c627mirgasimovk/python-msk:latest",
            "image_id": "sha256:e851ea3a6b34e7d73ac264a89c9af05f4137eee22ae7521b2641804d9e22c627",
            "keep_locally": false,
            "name": "mirgasimovk/python-msk:latest",
            "platform": null,
            "pull_triggers": null,
            "repo_digest": "mirgasimovk/python-msk@sha256:3fd3c198220632bbc356db05af23252fe5bdc6652c7a61b036d7ed7701313e5e",
            "triggers": null
          },
          "sensitive_attributes": [],
          "private": "bnVsbA=="
        }
      ]
    }
  ],
  "check_results": null
}
