{
  "version": 4,
  "terraform_version": "1.5.7",
  "serial": 4,
  "lineage": "62555a0d-f18a-829f-f6b8-4f4bf36193a2",
  "outputs": {
    "image_id": {
      "value": "sha256:9b1b7be1ffa607d40d545607d3fdf441f08553468adec5588fb58499ad77fe58nginx:latest",
      "type": "string"
    }
  },
  "resources": [
    {
      "mode": "managed",
      "type": "docker_image",
      "name": "nginx",
      "provider": "provider[\"registry.terraform.io/kreuzwerker/docker\"]",
      "instances": [
        {
          "schema_version": 0,
          "attributes": {
            "build": [],
            "force_remove": null,
            "id": "sha256:9b1b7be1ffa607d40d545607d3fdf441f08553468adec5588fb58499ad77fe58nginx:latest",
            "image_id": "sha256:9b1b7be1ffa607d40d545607d3fdf441f08553468adec5588fb58499ad77fe58",
            "keep_locally": false,
            "name": "nginx:latest",
            "platform": null,
            "pull_triggers": null,
            "repo_digest": "nginx@sha256:91734281c0ebfc6f1aea979cffeed5079cfe786228a71cc6f1f46a228cde6e34",
            "triggers": null
          },
          "sensitive_attributes": [],
          "private": "bnVsbA=="
        }
      ]
    }
  ],
  "check_results": null
}
