{
  "version": 4,
  "terraform_version": "1.10.5",
  "serial": 7,
  "lineage": "daadbbb5-8b12-b783-9468-80c2fb491471",
  "outputs": {},
  "resources": [
    {
      "mode": "managed",
      "type": "yandex_compute_instance",
      "name": "vm-1",
      "provider": "provider[\"registry.terraform.io/yandex-cloud/yandex\"]",
      "instances": [
        {
          "schema_version": 1,
          "attributes": {
            "allow_recreate": null,
            "allow_stopping_for_update": null,
            "boot_disk": [
              {
                "auto_delete": true,
                "device_name": "epd5764sme9j856cqps1",
                "disk_id": "epd5764sme9j856cqps1",
                "initialize_params": [
                  {
                    "block_size": 4096,
                    "description": "",
                    "image_id": "fd83s8u085j3mq231ago",
                    "kms_key_id": "",
                    "name": "",
                    "size": 50,
                    "snapshot_id": "",
                    "type": "network-ssd"
                  }
                ],
                "mode": "READ_WRITE"
              }
            ],
            "created_at": "2025-02-06T08:21:13Z",
            "description": "",
            "filesystem": [],
            "folder_id": "b1g2101hfpgeulusoa4d",
            "fqdn": "epdc2ibl1fr6itdp7tnh.auto.internal",
            "gpu_cluster_id": "",
            "hardware_generation": [
              {
                "generation2_features": [],
                "legacy_features": [
                  {
                    "pci_topology": "PCI_TOPOLOGY_V1"
                  }
                ]
              }
            ],
            "hostname": "",
            "id": "epdc2ibl1fr6itdp7tnh",
            "labels": null,
            "local_disk": [],
            "maintenance_grace_period": "",
            "maintenance_policy": null,
            "metadata": {
              "ssh-keys": "ubuntu:-----BEGIN OPENSSH PRIVATE KEY-----\nb3BlbnNzaC1rZXktdjEAAAAACmFlczI1Ni1jdHIAAAAGYmNyeXB0AAAAGAAAABATO3rjMW\n3mRFNu5aR6p4xSAAAAGAAAAAEAAAIXAAAAB3NzaC1yc2EAAAADAQABAAACAQCmLhCpYd5Y\n0NqElSF8WgLU1VxESf4xDxzUtZrbMEAolgyC4bWKbxUtIywjCrFHG6xbpU5uf3QnR5frBL\nS8ppfhZ+XhGB1ePPTw0g2U75WBERYot/GsTpgC9xaBZyGJxxLiyQQZIyhl36uAjUZma2AY\nwnjOvsSAUWDihOEk0sgECaoyJhZcMb4tAkKN81ZzTpwq17iiasagIJGcGaD7iw0iZ7pVSG\nU49V+3YRMFokduFVn+I4kq3EAA8H0S3qD7btMJV1VMJu77BVFSUoQbWLA4aMqqP6sGAIyE\nTvdtjJMpaPP5cVc+H3y5xe8iXGT+sNX3VR3vDUAsHxOUbHjy53htirygLX3p7IH/VrKBBU\n6pZrTHFakCiDKOtaCsa7cEUKxRWukzcWlvrGw9mLmBu2tdH5fBjQJbP4mc7oFOi7YNJirk\no1k6nTEW6HfuwtJyG+KQIehACRrH//aogs4cV4w/giM03TqdARd9ywod55A5b/+okZi1JW\nT8uxmqQoE72GLsA1Fvp6vRqIOVGY5AzQq13PkkiLRw+0Ll4TCSOMu5JmsWGfExjspexy2x\nHibckTDxbjIkajkLYrQciUYH5IJFKge93ErXN4ytv7jJBijZUc4YGJwz5xowH39ONefEe/\n+RKocL7DnVFoVMC6O/3RMDlVu/uJCGLZLT/rIURNT47wAAB2BypCH/eT2wJYwOmenSXPBS\nObPWGRYM5tvpEth71PFLMr72Ynm+34HjUlDybifMd5zM17XiB7SiTu7UobmBQIghJ7Gf9O\nskd4sH5ls+SsFVEEKzF7WUOoWcJ7veRPEPTdxmE4/3pgbR+XyIhr46QhCeD9Dz9G3P5kA1\nssUtajJ2z19h9dPHu0P5uORrGiAfmgqGL93zVVn6PCeTo/AoQwhvmvbXmXYRpXg5XmbYTS\nXdUtI0ZzF313a+18yid/qL+9WVouO5wKvoikon2xj8Qmsa8xKtYtSFTbjtCnRDmVWMAwuM\nn6NGkz61Jt+FWXA83pjDupLj+NmYQqZWkaHcjD82ktVeTIP5ttPPLxcsnov3DQp4RAWdk7\nwZicP9XQ6qmXHmCKre9Bqw/FBS5KG2n3pV1lMTUSuu83AWhQRo5VLU9yNFTyUouYrSGxI5\nmmzhKTJtEmboB/XK1C7PJffVS/rYI/zvkwrp+aaW87P7PJk9hnSXQrgmci7c3GxcTIWquh\n9tkBxzxEsxXIDTE6Ee9L3WZb5HwUCovX97D1jvbQI1KN6MJT52s3fDjXNPEIkf927ClkMv\nVOYsa/WnaMZL+/FWejaXJfL8m/vbR8U38fZ570EWVdBvHlPTERQGtviV7MnrpwYRWtmtyw\nww7QaabwQ9OdXIS/xCm2haqmYf0DWBle3171pOIf/rHlQlIsAACnJHUO3GODRkaS1XHq6v\nI3d7WvILghzS/5dcXInG4UkW4B1ylG2TSi5QM2asLARChOc0JyWDymIMRE21hiMa0c+xz7\nlLDfwgfuRW8NsR1nLYgsrc0O3o/OhUeJR+V25EcN7YM6uz2S0VSzhz+QVS+JU7GUGsP3vt\nclWrETIx57S/UqUiL0G2u8TjDXMG4yC/1ClZadvbq+RiVJFJ4oY0hNvV+QpLkAqbA6IAV5\nxYqeLt5rvG6d/dt6ckaYMVEvxdM763TGlImjU35V+qPHN3MGrezvl3N5I+hJzNZBmmNB1U\nNny+EpTnlpyrQx1+0hwHfJeh8Zw0+q4B+owt/EXP9GYrF8l4E51O5xQhMjRwr9ncKnJyss\n5Yk1A5Lx5T+e110uHUOtUaddXu02+zTRl8vTJO9P5IDd4jVDf4s0dqJBINMGXgVBrWRg0y\nqW2xCeTgEreLFyCE+yiUQNNDO4yLwajYreNHir04NkVdswVZCA9J6RRA/1KhJCkwYnomwe\n3jXiCrek4v/kQO3TvQ+ASLt9I+AEa9Iebx/wSH0PcoWdmJf2+YWLYwbIk4sYBfqXNss6ZH\n53FfSdExXpojF3rFg3JMATCWFx2nXpTf9JBvYcSIVvIfzGyjcjzj26tDCqMkpV7+hrK3z6\nTYTLwSKqDtfpPGOl2YOdCd3TaActARdZ9LqzdnENgPje0NwN3TQz3YnHMb4MgU/QiqRzzT\n5tRWLiU20ArD+H2iy6TAKMiNwlFfe2dvmN3HRGVjBYRsZRTruC/AACQnmhiW68CQgp3Ask\nmeXPNQsYSKTyuJL7P6TSYttNeAzgtS26uyq1WfUofoFmREN8gpmEwNFGeID+STodaXscVQ\n1c3sJ4guar8fh8GBcGEhw99x1BNVYGeWQyIjhQiS9gkFvnTyLVmnjKht8qMXTSoXYxBqnY\nKjdYu8Z07YYbKwcZ0I5Y/BCueIleOGUbZgiNVR9vYyeV6VExr5oombPw8sjBCQ5Mo32FR2\nMpaZfw7xUs2hHKmd9AIKCA1faGY+octwV147Iq0zB6/03kLJAIoqXjs4WP8FKKwDXm2Jkq\ny6QEMzn174d4L5b4SYhN2GdN0sq14VLlMSpFze5tuF0tyXgUJpsRVBulLLAxAR0MWmfd+S\nvU/BoNo3/S7Wvsf+xkugxMqzjllVZO0viyQhEIB9mcsdRJbstf941EMFThdRAhUQiEPoNn\ntHBzZAxRiViRlqUU23lo/8wmGEiq2eycvRGnRSdBXWfd8I8YS2FTI4YuynypGJduveZQSf\n+RxqPYkoTeZ6C+ztHwY+wG5QD2Vj2q5812jcrL4sdfuWRNqrDyrq9wAY9TR2lDp35AymS+\neBHtlkbM9TiRIx58Is0SyKv30iIPgcSGVE/zdk4PTlbu1rRnyOZfXfAwO1gDgPzTttZLm0\n/M/kmDdZtn8JYauvfxj+EbcsQ6ZwgfqE48BalTvt5spitw6Z3FOmr9zbI2VywVZgUHegj/\nvcO799eYCE3gjt9LNoKvb4+m20rjBNXO0vI/nZR9511hT7xPYi9u8qN7OpMaY55tQ3h0Bs\n8JqW85gjls394e6hecOI9NKBSMqOZQcLkHLIuHIXEkM9YHWy9c9ZPxqtZjzF9wLBXjwXIU\nlQG8Al20/+aSP6PVm7YidSfe6ddxRZmBeIHtBJY1mYxnlQUEiCiAbC5z1tX8/yYTuVu3Jk\nsnk09loIb7EMgN/jqVGC2DSbN3iW6KS3o02UIKSxVDEQj3Qo+o+oDfmDap2HKLb1Xtfs84\nCLFzxjlNmOYIFdhNG7k8Y7+F6Bc5w1ULRWiTs0tLOz69z4\n-----END OPENSSH PRIVATE KEY-----\n"
            },
            "metadata_options": [
              {
                "aws_v1_http_endpoint": 1,
                "aws_v1_http_token": 2,
                "gce_http_endpoint": 1,
                "gce_http_token": 1
              }
            ],
            "name": "ubuntu",
            "network_acceleration_type": "standard",
            "network_interface": [
              {
                "dns_record": [],
                "index": 0,
                "ip_address": "192.168.10.31",
                "ipv4": true,
                "ipv6": false,
                "ipv6_address": "",
                "ipv6_dns_record": [],
                "mac_address": "d0:0d:c1:49:75:0b",
                "nat": true,
                "nat_dns_record": [],
                "nat_ip_address": "158.160.22.21",
                "nat_ip_version": "IPV4",
                "security_group_ids": [],
                "subnet_id": "e2lshlrrh76es1vlivsl"
              }
            ],
            "placement_policy": [
              {
                "host_affinity_rules": [],
                "placement_group_id": "",
                "placement_group_partition": 0
              }
            ],
            "platform_id": "standard-v1",
            "resources": [
              {
                "core_fraction": 100,
                "cores": 2,
                "gpus": 0,
                "memory": 4
              }
            ],
            "scheduling_policy": [
              {
                "preemptible": false
              }
            ],
            "secondary_disk": [],
            "service_account_id": "",
            "status": "running",
            "timeouts": null,
            "zone": "ru-central1-b"
          },
          "sensitive_attributes": [],
          "private": "eyJlMmJmYjczMC1lY2FhLTExZTYtOGY4OC0zNDM2M2JjN2M0YzAiOnsiY3JlYXRlIjozMDAwMDAwMDAwMDAsImRlbGV0ZSI6MzAwMDAwMDAwMDAwLCJ1cGRhdGUiOjMwMDAwMDAwMDAwMH0sInNjaGVtYV92ZXJzaW9uIjoiMSJ9",
          "dependencies": [
            "yandex_vpc_network.my-vm-network",
            "yandex_vpc_subnet.my-vm-subnet"
          ]
        }
      ]
    },
    {
      "mode": "managed",
      "type": "yandex_vpc_network",
      "name": "my-vm-network",
      "provider": "provider[\"registry.terraform.io/yandex-cloud/yandex\"]",
      "instances": [
        {
          "schema_version": 0,
          "attributes": {
            "created_at": "2025-02-06T08:19:20Z",
            "default_security_group_id": "enpg6o8mft4f66pqsdqi",
            "description": "",
            "folder_id": "b1g2101hfpgeulusoa4d",
            "id": "enp7g4hm5r3d9v11jl94",
            "labels": {},
            "name": "Network",
            "subnet_ids": [
              "e2lshlrrh76es1vlivsl"
            ],
            "timeouts": null
          },
          "sensitive_attributes": [],
          "private": "eyJlMmJmYjczMC1lY2FhLTExZTYtOGY4OC0zNDM2M2JjN2M0YzAiOnsiY3JlYXRlIjo2MDAwMDAwMDAwMCwiZGVsZXRlIjo2MDAwMDAwMDAwMCwidXBkYXRlIjo2MDAwMDAwMDAwMH19"
        }
      ]
    },
    {
      "mode": "managed",
      "type": "yandex_vpc_subnet",
      "name": "my-vm-subnet",
      "provider": "provider[\"registry.terraform.io/yandex-cloud/yandex\"]",
      "instances": [
        {
          "schema_version": 0,
          "attributes": {
            "created_at": "2025-02-06T08:20:09Z",
            "description": "",
            "dhcp_options": [],
            "folder_id": "b1g2101hfpgeulusoa4d",
            "id": "e2lshlrrh76es1vlivsl",
            "labels": {},
            "name": "Subnet",
            "network_id": "enp7g4hm5r3d9v11jl94",
            "route_table_id": "",
            "timeouts": null,
            "v4_cidr_blocks": [
              "192.168.10.0/24"
            ],
            "v6_cidr_blocks": [],
            "zone": "ru-central1-b"
          },
          "sensitive_attributes": [],
          "private": "eyJlMmJmYjczMC1lY2FhLTExZTYtOGY4OC0zNDM2M2JjN2M0YzAiOnsiY3JlYXRlIjoxODAwMDAwMDAwMDAsImRlbGV0ZSI6MTgwMDAwMDAwMDAwLCJ1cGRhdGUiOjE4MDAwMDAwMDAwMH19",
          "dependencies": [
            "yandex_vpc_network.my-vm-network"
          ]
        }
      ]
    }
  ],
  "check_results": null
}
